{
  "object": {
    "pins": [
      {
        "package": "HandOfTheKing",
        "repositoryURL": "https://github.com/webfrogs/HandOfTheKing.git",
        "state": {
          "branch": "master",
          "revision": "14472e9e5b76a91ee1eb7e4afb863774040f6eee",
          "version": null
        }
      },
      {
        "package": "Rainbow",
        "repositoryURL": "https://github.com/onevcat/Rainbow",
        "state": {
          "branch": null,
          "revision": "f407235c7e473c3cb2d2907bb6822616d22a0b78",
          "version": "3.0.3"
        }
      },
      {
        "package": "RxSwift",
        "repositoryURL": "https://github.com/ReactiveX/RxSwift.git",
        "state": {
          "branch": null,
          "revision": "12cccb171ad9038251af6883807f0290c1d75a5b",
          "version": "4.0.0"
        }
      }
    ]
  },
  "version": 1
}
