// !$*UTF8*$!
{
	archiveVersion = 1;
	classes = {
	};
	objectVersion = 46;
	objects = {

/* Begin PBXBuildFile section */
		OBJ_163 /* Package.swift in Sources */ = {isa = PBXBuildFile; fileRef = OBJ_6 /* Package.swift */; };
		OBJ_169 /* Package.swift in Sources */ = {isa = PBXBuildFile; fileRef = OBJ_49 /* Package.swift */; };
		OBJ_175 /* Package.swift in Sources */ = {isa = PBXBuildFile; fileRef = OBJ_61 /* Package.swift */; };
		OBJ_181 /* Package.swift in Sources */ = {isa = PBXBuildFile; fileRef = OBJ_130 /* Package.swift */; };
		OBJ_187 /* Package.swift in Sources */ = {isa = PBXBuildFile; fileRef = OBJ_135 /* Package.swift */; };
		OBJ_193 /* Package.swift in Sources */ = {isa = PBXBuildFile; fileRef = OBJ_137 /* Package.swift */; };
		OBJ_199 /* main.swift in Sources */ = {isa = PBXBuildFile; fileRef = OBJ_17 /* main.swift */; };
		OBJ_201 /* Commander.framework in Frameworks */ = {isa = PBXBuildFile; fileRef = "Commander::Commander::Product" /* Commander.framework */; };
		OBJ_202 /* Rainbow.framework in Frameworks */ = {isa = PBXBuildFile; fileRef = "Rainbow::Rainbow::Product" /* Rainbow.framework */; };
		OBJ_203 /* IronBankKit.framework in Frameworks */ = {isa = PBXBuildFile; fileRef = "IronBank::IronBankKit::Product" /* IronBankKit.framework */; };
		OBJ_204 /* Yams.framework in Frameworks */ = {isa = PBXBuildFile; fileRef = "Yams::Yams::Product" /* Yams.framework */; };
		OBJ_205 /* CYaml.framework in Frameworks */ = {isa = PBXBuildFile; fileRef = "Yams::CYaml::Product" /* CYaml.framework */; };
		OBJ_206 /* CryptoSwift.framework in Frameworks */ = {isa = PBXBuildFile; fileRef = "CryptoSwift::CryptoSwift::Product" /* CryptoSwift.framework */; };
		OBJ_207 /* HandOfTheKing.framework in Frameworks */ = {isa = PBXBuildFile; fileRef = "HandOfTheKing::HandOfTheKing::Product" /* HandOfTheKing.framework */; };
		OBJ_226 /* ArgumentConvertible.swift in Sources */ = {isa = PBXBuildFile; fileRef = OBJ_52 /* ArgumentConvertible.swift */; };
		OBJ_227 /* ArgumentDescription.swift in Sources */ = {isa = PBXBuildFile; fileRef = OBJ_53 /* ArgumentDescription.swift */; };
		OBJ_228 /* ArgumentParser.swift in Sources */ = {isa = PBXBuildFile; fileRef = OBJ_54 /* ArgumentParser.swift */; };
		OBJ_229 /* Command.swift in Sources */ = {isa = PBXBuildFile; fileRef = OBJ_55 /* Command.swift */; };
		OBJ_230 /* CommandRunner.swift in Sources */ = {isa = PBXBuildFile; fileRef = OBJ_56 /* CommandRunner.swift */; };
		OBJ_231 /* CommandType.swift in Sources */ = {isa = PBXBuildFile; fileRef = OBJ_57 /* CommandType.swift */; };
		OBJ_232 /* Commands.swift in Sources */ = {isa = PBXBuildFile; fileRef = OBJ_58 /* Commands.swift */; };
		OBJ_233 /* Error.swift in Sources */ = {isa = PBXBuildFile; fileRef = OBJ_59 /* Error.swift */; };
		OBJ_234 /* Group.swift in Sources */ = {isa = PBXBuildFile; fileRef = OBJ_60 /* Group.swift */; };
		OBJ_240 /* BackgroundColor.swift in Sources */ = {isa = PBXBuildFile; fileRef = OBJ_138 /* BackgroundColor.swift */; };
		OBJ_241 /* CodesParser.swift in Sources */ = {isa = PBXBuildFile; fileRef = OBJ_139 /* CodesParser.swift */; };
		OBJ_242 /* Color.swift in Sources */ = {isa = PBXBuildFile; fileRef = OBJ_140 /* Color.swift */; };
		OBJ_243 /* ControlCode.swift in Sources */ = {isa = PBXBuildFile; fileRef = OBJ_141 /* ControlCode.swift */; };
		OBJ_244 /* ModesExtractor.swift in Sources */ = {isa = PBXBuildFile; fileRef = OBJ_142 /* ModesExtractor.swift */; };
		OBJ_245 /* OutputTarget.swift in Sources */ = {isa = PBXBuildFile; fileRef = OBJ_143 /* OutputTarget.swift */; };
		OBJ_246 /* Rainbow.swift in Sources */ = {isa = PBXBuildFile; fileRef = OBJ_144 /* Rainbow.swift */; };
		OBJ_247 /* String+Rainbow.swift in Sources */ = {isa = PBXBuildFile; fileRef = OBJ_145 /* String+Rainbow.swift */; };
		OBJ_248 /* StringGenerator.swift in Sources */ = {isa = PBXBuildFile; fileRef = OBJ_146 /* StringGenerator.swift */; };
		OBJ_249 /* Style.swift in Sources */ = {isa = PBXBuildFile; fileRef = OBJ_147 /* Style.swift */; };
		OBJ_250 /* XcodeColorsSupport.swift in Sources */ = {isa = PBXBuildFile; fileRef = OBJ_148 /* XcodeColorsSupport.swift */; };
		OBJ_256 /* ConfigFile.swift in Sources */ = {isa = PBXBuildFile; fileRef = OBJ_9 /* ConfigFile.swift */; };
		OBJ_257 /* DownloadHelper.swift in Sources */ = {isa = PBXBuildFile; fileRef = OBJ_10 /* DownloadHelper.swift */; };
		OBJ_258 /* Namespace.swift in Sources */ = {isa = PBXBuildFile; fileRef = OBJ_12 /* Namespace.swift */; };
		OBJ_259 /* URL+Extensions.swift in Sources */ = {isa = PBXBuildFile; fileRef = OBJ_13 /* URL+Extensions.swift */; };
		OBJ_260 /* GitHelper.swift in Sources */ = {isa = PBXBuildFile; fileRef = OBJ_14 /* GitHelper.swift */; };
		OBJ_261 /* IronBankKit.swift in Sources */ = {isa = PBXBuildFile; fileRef = OBJ_15 /* IronBankKit.swift */; };
		OBJ_263 /* Yams.framework in Frameworks */ = {isa = PBXBuildFile; fileRef = "Yams::Yams::Product" /* Yams.framework */; };
		OBJ_264 /* CYaml.framework in Frameworks */ = {isa = PBXBuildFile; fileRef = "Yams::CYaml::Product" /* CYaml.framework */; };
		OBJ_265 /* CryptoSwift.framework in Frameworks */ = {isa = PBXBuildFile; fileRef = "CryptoSwift::CryptoSwift::Product" /* CryptoSwift.framework */; };
		OBJ_266 /* HandOfTheKing.framework in Frameworks */ = {isa = PBXBuildFile; fileRef = "HandOfTheKing::HandOfTheKing::Product" /* HandOfTheKing.framework */; };
		OBJ_275 /* Constructor.swift in Sources */ = {isa = PBXBuildFile; fileRef = OBJ_34 /* Constructor.swift */; };
		OBJ_276 /* Decoder.swift in Sources */ = {isa = PBXBuildFile; fileRef = OBJ_35 /* Decoder.swift */; };
		OBJ_277 /* Emitter.swift in Sources */ = {isa = PBXBuildFile; fileRef = OBJ_36 /* Emitter.swift */; };
		OBJ_278 /* Encoder.swift in Sources */ = {isa = PBXBuildFile; fileRef = OBJ_37 /* Encoder.swift */; };
		OBJ_279 /* Mark.swift in Sources */ = {isa = PBXBuildFile; fileRef = OBJ_38 /* Mark.swift */; };
		OBJ_280 /* Node.Mapping.swift in Sources */ = {isa = PBXBuildFile; fileRef = OBJ_39 /* Node.Mapping.swift */; };
		OBJ_281 /* Node.Scalar.swift in Sources */ = {isa = PBXBuildFile; fileRef = OBJ_40 /* Node.Scalar.swift */; };
		OBJ_282 /* Node.Sequence.swift in Sources */ = {isa = PBXBuildFile; fileRef = OBJ_41 /* Node.Sequence.swift */; };
		OBJ_283 /* Node.swift in Sources */ = {isa = PBXBuildFile; fileRef = OBJ_42 /* Node.swift */; };
		OBJ_284 /* Parser.swift in Sources */ = {isa = PBXBuildFile; fileRef = OBJ_43 /* Parser.swift */; };
		OBJ_285 /* Representer.swift in Sources */ = {isa = PBXBuildFile; fileRef = OBJ_44 /* Representer.swift */; };
		OBJ_286 /* Resolver.swift in Sources */ = {isa = PBXBuildFile; fileRef = OBJ_45 /* Resolver.swift */; };
		OBJ_287 /* String+Yams.swift in Sources */ = {isa = PBXBuildFile; fileRef = OBJ_46 /* String+Yams.swift */; };
		OBJ_288 /* Tag.swift in Sources */ = {isa = PBXBuildFile; fileRef = OBJ_47 /* Tag.swift */; };
		OBJ_289 /* YamlError.swift in Sources */ = {isa = PBXBuildFile; fileRef = OBJ_48 /* YamlError.swift */; };
		OBJ_291 /* CYaml.framework in Frameworks */ = {isa = PBXBuildFile; fileRef = "Yams::CYaml::Product" /* CYaml.framework */; };
		OBJ_297 /* api.c in Sources */ = {isa = PBXBuildFile; fileRef = OBJ_23 /* api.c */; };
		OBJ_298 /* emitter.c in Sources */ = {isa = PBXBuildFile; fileRef = OBJ_24 /* emitter.c */; };
		OBJ_299 /* parser.c in Sources */ = {isa = PBXBuildFile; fileRef = OBJ_25 /* parser.c */; };
		OBJ_300 /* reader.c in Sources */ = {isa = PBXBuildFile; fileRef = OBJ_26 /* reader.c */; };
		OBJ_301 /* scanner.c in Sources */ = {isa = PBXBuildFile; fileRef = OBJ_27 /* scanner.c */; };
		OBJ_302 /* writer.c in Sources */ = {isa = PBXBuildFile; fileRef = OBJ_28 /* writer.c */; };
		OBJ_308 /* AES.Cryptors.swift in Sources */ = {isa = PBXBuildFile; fileRef = OBJ_64 /* AES.Cryptors.swift */; };
		OBJ_309 /* AES.swift in Sources */ = {isa = PBXBuildFile; fileRef = OBJ_65 /* AES.swift */; };
		OBJ_310 /* Array+Extension.swift in Sources */ = {isa = PBXBuildFile; fileRef = OBJ_66 /* Array+Extension.swift */; };
		OBJ_311 /* Array+Extensions.swift in Sources */ = {isa = PBXBuildFile; fileRef = OBJ_67 /* Array+Extensions.swift */; };
		OBJ_312 /* Authenticator.swift in Sources */ = {isa = PBXBuildFile; fileRef = OBJ_68 /* Authenticator.swift */; };
		OBJ_313 /* BatchedCollection.swift in Sources */ = {isa = PBXBuildFile; fileRef = OBJ_69 /* BatchedCollection.swift */; };
		OBJ_314 /* Bit.swift in Sources */ = {isa = PBXBuildFile; fileRef = OBJ_70 /* Bit.swift */; };
		OBJ_315 /* BlockCipher.swift in Sources */ = {isa = PBXBuildFile; fileRef = OBJ_71 /* BlockCipher.swift */; };
		OBJ_316 /* BlockMode.swift in Sources */ = {isa = PBXBuildFile; fileRef = OBJ_73 /* BlockMode.swift */; };
		OBJ_317 /* BlockModeOptions.swift in Sources */ = {isa = PBXBuildFile; fileRef = OBJ_74 /* BlockModeOptions.swift */; };
		OBJ_318 /* BlockModeWorker.swift in Sources */ = {isa = PBXBuildFile; fileRef = OBJ_75 /* BlockModeWorker.swift */; };
		OBJ_319 /* CBC.swift in Sources */ = {isa = PBXBuildFile; fileRef = OBJ_76 /* CBC.swift */; };
		OBJ_320 /* CFB.swift in Sources */ = {isa = PBXBuildFile; fileRef = OBJ_77 /* CFB.swift */; };
		OBJ_321 /* CTR.swift in Sources */ = {isa = PBXBuildFile; fileRef = OBJ_78 /* CTR.swift */; };
		OBJ_322 /* ECB.swift in Sources */ = {isa = PBXBuildFile; fileRef = OBJ_79 /* ECB.swift */; };
		OBJ_323 /* OFB.swift in Sources */ = {isa = PBXBuildFile; fileRef = OBJ_80 /* OFB.swift */; };
		OBJ_324 /* PCBC.swift in Sources */ = {isa = PBXBuildFile; fileRef = OBJ_81 /* PCBC.swift */; };
		OBJ_325 /* RandomAccessBlockModeWorker.swift in Sources */ = {isa = PBXBuildFile; fileRef = OBJ_82 /* RandomAccessBlockModeWorker.swift */; };
		OBJ_326 /* Blowfish.swift in Sources */ = {isa = PBXBuildFile; fileRef = OBJ_83 /* Blowfish.swift */; };
		OBJ_327 /* ChaCha20.swift in Sources */ = {isa = PBXBuildFile; fileRef = OBJ_84 /* ChaCha20.swift */; };
		OBJ_328 /* Checksum.swift in Sources */ = {isa = PBXBuildFile; fileRef = OBJ_85 /* Checksum.swift */; };
		OBJ_329 /* Cipher.swift in Sources */ = {isa = PBXBuildFile; fileRef = OBJ_86 /* Cipher.swift */; };
		OBJ_330 /* Collection+Extension.swift in Sources */ = {isa = PBXBuildFile; fileRef = OBJ_87 /* Collection+Extension.swift */; };
		OBJ_331 /* Cryptors.swift in Sources */ = {isa = PBXBuildFile; fileRef = OBJ_88 /* Cryptors.swift */; };
		OBJ_332 /* Digest.swift in Sources */ = {isa = PBXBuildFile; fileRef = OBJ_89 /* Digest.swift */; };
		OBJ_333 /* DigestType.swift in Sources */ = {isa = PBXBuildFile; fileRef = OBJ_90 /* DigestType.swift */; };
		OBJ_334 /* AES+Foundation.swift in Sources */ = {isa = PBXBuildFile; fileRef = OBJ_92 /* AES+Foundation.swift */; };
		OBJ_335 /* Array+Foundation.swift in Sources */ = {isa = PBXBuildFile; fileRef = OBJ_93 /* Array+Foundation.swift */; };
		OBJ_336 /* Blowfish+Foundation.swift in Sources */ = {isa = PBXBuildFile; fileRef = OBJ_94 /* Blowfish+Foundation.swift */; };
		OBJ_337 /* ChaCha20+Foundation.swift in Sources */ = {isa = PBXBuildFile; fileRef = OBJ_95 /* ChaCha20+Foundation.swift */; };
		OBJ_338 /* Data+Extension.swift in Sources */ = {isa = PBXBuildFile; fileRef = OBJ_96 /* Data+Extension.swift */; };
		OBJ_339 /* HMAC+Foundation.swift in Sources */ = {isa = PBXBuildFile; fileRef = OBJ_97 /* HMAC+Foundation.swift */; };
		OBJ_340 /* Rabbit+Foundation.swift in Sources */ = {isa = PBXBuildFile; fileRef = OBJ_98 /* Rabbit+Foundation.swift */; };
		OBJ_341 /* String+FoundationExtension.swift in Sources */ = {isa = PBXBuildFile; fileRef = OBJ_99 /* String+FoundationExtension.swift */; };
		OBJ_342 /* Utils+Foundation.swift in Sources */ = {isa = PBXBuildFile; fileRef = OBJ_100 /* Utils+Foundation.swift */; };
		OBJ_343 /* Generics.swift in Sources */ = {isa = PBXBuildFile; fileRef = OBJ_101 /* Generics.swift */; };
		OBJ_344 /* HMAC.swift in Sources */ = {isa = PBXBuildFile; fileRef = OBJ_102 /* HMAC.swift */; };
		OBJ_345 /* Int+Extension.swift in Sources */ = {isa = PBXBuildFile; fileRef = OBJ_103 /* Int+Extension.swift */; };
		OBJ_346 /* MD5.swift in Sources */ = {isa = PBXBuildFile; fileRef = OBJ_104 /* MD5.swift */; };
		OBJ_347 /* NoPadding.swift in Sources */ = {isa = PBXBuildFile; fileRef = OBJ_105 /* NoPadding.swift */; };
		OBJ_348 /* Operators.swift in Sources */ = {isa = PBXBuildFile; fileRef = OBJ_106 /* Operators.swift */; };
		OBJ_349 /* PBKDF1.swift in Sources */ = {isa = PBXBuildFile; fileRef = OBJ_108 /* PBKDF1.swift */; };
		OBJ_350 /* PBKDF2.swift in Sources */ = {isa = PBXBuildFile; fileRef = OBJ_109 /* PBKDF2.swift */; };
		OBJ_351 /* PKCS5.swift in Sources */ = {isa = PBXBuildFile; fileRef = OBJ_110 /* PKCS5.swift */; };
		OBJ_352 /* PKCS7.swift in Sources */ = {isa = PBXBuildFile; fileRef = OBJ_111 /* PKCS7.swift */; };
		OBJ_353 /* PKCS7Padding.swift in Sources */ = {isa = PBXBuildFile; fileRef = OBJ_112 /* PKCS7Padding.swift */; };
		OBJ_354 /* Padding.swift in Sources */ = {isa = PBXBuildFile; fileRef = OBJ_113 /* Padding.swift */; };
		OBJ_355 /* Poly1305.swift in Sources */ = {isa = PBXBuildFile; fileRef = OBJ_114 /* Poly1305.swift */; };
		OBJ_356 /* Rabbit.swift in Sources */ = {isa = PBXBuildFile; fileRef = OBJ_115 /* Rabbit.swift */; };
		OBJ_357 /* RandomAccessCryptor.swift in Sources */ = {isa = PBXBuildFile; fileRef = OBJ_116 /* RandomAccessCryptor.swift */; };
		OBJ_358 /* RandomBytesSequence.swift in Sources */ = {isa = PBXBuildFile; fileRef = OBJ_117 /* RandomBytesSequence.swift */; };
		OBJ_359 /* SHA1.swift in Sources */ = {isa = PBXBuildFile; fileRef = OBJ_118 /* SHA1.swift */; };
		OBJ_360 /* SHA2.swift in Sources */ = {isa = PBXBuildFile; fileRef = OBJ_119 /* SHA2.swift */; };
		OBJ_361 /* SHA3.swift in Sources */ = {isa = PBXBuildFile; fileRef = OBJ_120 /* SHA3.swift */; };
		OBJ_362 /* SecureBytes.swift in Sources */ = {isa = PBXBuildFile; fileRef = OBJ_121 /* SecureBytes.swift */; };
		OBJ_363 /* String+Extension.swift in Sources */ = {isa = PBXBuildFile; fileRef = OBJ_122 /* String+Extension.swift */; };
		OBJ_364 /* UInt16+Extension.swift in Sources */ = {isa = PBXBuildFile; fileRef = OBJ_123 /* UInt16+Extension.swift */; };
		OBJ_365 /* UInt32+Extension.swift in Sources */ = {isa = PBXBuildFile; fileRef = OBJ_124 /* UInt32+Extension.swift */; };
		OBJ_366 /* UInt64+Extension.swift in Sources */ = {isa = PBXBuildFile; fileRef = OBJ_125 /* UInt64+Extension.swift */; };
		OBJ_367 /* UInt8+Extension.swift in Sources */ = {isa = PBXBuildFile; fileRef = OBJ_126 /* UInt8+Extension.swift */; };
		OBJ_368 /* Updatable.swift in Sources */ = {isa = PBXBuildFile; fileRef = OBJ_127 /* Updatable.swift */; };
		OBJ_369 /* Utils.swift in Sources */ = {isa = PBXBuildFile; fileRef = OBJ_128 /* Utils.swift */; };
		OBJ_370 /* ZeroPadding.swift in Sources */ = {isa = PBXBuildFile; fileRef = OBJ_129 /* ZeroPadding.swift */; };
		OBJ_376 /* Namespace.swift in Sources */ = {isa = PBXBuildFile; fileRef = OBJ_133 /* Namespace.swift */; };
		OBJ_377 /* StringExtension.swift in Sources */ = {isa = PBXBuildFile; fileRef = OBJ_134 /* StringExtension.swift */; };
/* End PBXBuildFile section */

/* Begin PBXContainerItemProxy section */
		C3960A131FDA79E700963CDE /* PBXContainerItemProxy */ = {
			isa = PBXContainerItemProxy;
			containerPortal = OBJ_1 /* Project object */;
			proxyType = 1;
			remoteGlobalIDString = "Commander::Commander";
			remoteInfo = Commander;
		};
		C3960A141FDA79E700963CDE /* PBXContainerItemProxy */ = {
			isa = PBXContainerItemProxy;
			containerPortal = OBJ_1 /* Project object */;
			proxyType = 1;
			remoteGlobalIDString = "Rainbow::Rainbow";
			remoteInfo = Rainbow;
		};
		C3960A151FDA79E700963CDE /* PBXContainerItemProxy */ = {
			isa = PBXContainerItemProxy;
			containerPortal = OBJ_1 /* Project object */;
			proxyType = 1;
			remoteGlobalIDString = "IronBank::IronBankKit";
			remoteInfo = IronBankKit;
		};
		C3960A161FDA79E700963CDE /* PBXContainerItemProxy */ = {
			isa = PBXContainerItemProxy;
			containerPortal = OBJ_1 /* Project object */;
			proxyType = 1;
			remoteGlobalIDString = "Yams::Yams";
			remoteInfo = Yams;
		};
		C3960A171FDA79E700963CDE /* PBXContainerItemProxy */ = {
			isa = PBXContainerItemProxy;
			containerPortal = OBJ_1 /* Project object */;
			proxyType = 1;
			remoteGlobalIDString = "Yams::CYaml";
			remoteInfo = CYaml;
		};
		C3960A181FDA79E700963CDE /* PBXContainerItemProxy */ = {
			isa = PBXContainerItemProxy;
			containerPortal = OBJ_1 /* Project object */;
			proxyType = 1;
			remoteGlobalIDString = "Yams::CYaml";
			remoteInfo = CYaml;
		};
		C3960A191FDA79E700963CDE /* PBXContainerItemProxy */ = {
			isa = PBXContainerItemProxy;
			containerPortal = OBJ_1 /* Project object */;
			proxyType = 1;
			remoteGlobalIDString = "CryptoSwift::CryptoSwift";
			remoteInfo = CryptoSwift;
		};
		C3960A1A1FDA79E700963CDE /* PBXContainerItemProxy */ = {
			isa = PBXContainerItemProxy;
			containerPortal = OBJ_1 /* Project object */;
			proxyType = 1;
			remoteGlobalIDString = "HandOfTheKing::HandOfTheKing";
			remoteInfo = HandOfTheKing;
		};
		C3960A1B1FDA79E700963CDE /* PBXContainerItemProxy */ = {
			isa = PBXContainerItemProxy;
			containerPortal = OBJ_1 /* Project object */;
			proxyType = 1;
			remoteGlobalIDString = "Yams::Yams";
			remoteInfo = Yams;
		};
		C3960A1C1FDA79E700963CDE /* PBXContainerItemProxy */ = {
			isa = PBXContainerItemProxy;
			containerPortal = OBJ_1 /* Project object */;
			proxyType = 1;
			remoteGlobalIDString = "Yams::CYaml";
			remoteInfo = CYaml;
		};
		C3960A1D1FDA79E700963CDE /* PBXContainerItemProxy */ = {
			isa = PBXContainerItemProxy;
			containerPortal = OBJ_1 /* Project object */;
			proxyType = 1;
			remoteGlobalIDString = "CryptoSwift::CryptoSwift";
			remoteInfo = CryptoSwift;
		};
		C3960A1E1FDA79E700963CDE /* PBXContainerItemProxy */ = {
			isa = PBXContainerItemProxy;
			containerPortal = OBJ_1 /* Project object */;
			proxyType = 1;
			remoteGlobalIDString = "HandOfTheKing::HandOfTheKing";
			remoteInfo = HandOfTheKing;
		};
/* End PBXContainerItemProxy section */

/* Begin PBXFileReference section */
		"Commander::Commander::Product" /* Commander.framework */ = {isa = PBXFileReference; explicitFileType = wrapper.framework; path = Commander.framework; sourceTree = BUILT_PRODUCTS_DIR; };
		"CryptoSwift::CryptoSwift::Product" /* CryptoSwift.framework */ = {isa = PBXFileReference; explicitFileType = wrapper.framework; path = CryptoSwift.framework; sourceTree = BUILT_PRODUCTS_DIR; };
		"HandOfTheKing::HandOfTheKing::Product" /* HandOfTheKing.framework */ = {isa = PBXFileReference; explicitFileType = wrapper.framework; path = HandOfTheKing.framework; sourceTree = BUILT_PRODUCTS_DIR; };
		"IronBank::IronBank::Product" /* IronBank */ = {isa = PBXFileReference; lastKnownFileType = text; path = IronBank; sourceTree = BUILT_PRODUCTS_DIR; };
		"IronBank::IronBankKit::Product" /* IronBankKit.framework */ = {isa = PBXFileReference; explicitFileType = wrapper.framework; path = IronBankKit.framework; sourceTree = BUILT_PRODUCTS_DIR; };
		OBJ_10 /* DownloadHelper.swift */ = {isa = PBXFileReference; lastKnownFileType = sourcecode.swift; path = DownloadHelper.swift; sourceTree = "<group>"; };
		OBJ_100 /* Utils+Foundation.swift */ = {isa = PBXFileReference; lastKnownFileType = sourcecode.swift; path = "Utils+Foundation.swift"; sourceTree = "<group>"; };
		OBJ_101 /* Generics.swift */ = {isa = PBXFileReference; lastKnownFileType = sourcecode.swift; path = Generics.swift; sourceTree = "<group>"; };
		OBJ_102 /* HMAC.swift */ = {isa = PBXFileReference; lastKnownFileType = sourcecode.swift; path = HMAC.swift; sourceTree = "<group>"; };
		OBJ_103 /* Int+Extension.swift */ = {isa = PBXFileReference; lastKnownFileType = sourcecode.swift; path = "Int+Extension.swift"; sourceTree = "<group>"; };
		OBJ_104 /* MD5.swift */ = {isa = PBXFileReference; lastKnownFileType = sourcecode.swift; path = MD5.swift; sourceTree = "<group>"; };
		OBJ_105 /* NoPadding.swift */ = {isa = PBXFileReference; lastKnownFileType = sourcecode.swift; path = NoPadding.swift; sourceTree = "<group>"; };
		OBJ_106 /* Operators.swift */ = {isa = PBXFileReference; lastKnownFileType = sourcecode.swift; path = Operators.swift; sourceTree = "<group>"; };
		OBJ_108 /* PBKDF1.swift */ = {isa = PBXFileReference; lastKnownFileType = sourcecode.swift; path = PBKDF1.swift; sourceTree = "<group>"; };
		OBJ_109 /* PBKDF2.swift */ = {isa = PBXFileReference; lastKnownFileType = sourcecode.swift; path = PBKDF2.swift; sourceTree = "<group>"; };
		OBJ_110 /* PKCS5.swift */ = {isa = PBXFileReference; lastKnownFileType = sourcecode.swift; path = PKCS5.swift; sourceTree = "<group>"; };
		OBJ_111 /* PKCS7.swift */ = {isa = PBXFileReference; lastKnownFileType = sourcecode.swift; path = PKCS7.swift; sourceTree = "<group>"; };
		OBJ_112 /* PKCS7Padding.swift */ = {isa = PBXFileReference; lastKnownFileType = sourcecode.swift; path = PKCS7Padding.swift; sourceTree = "<group>"; };
		OBJ_113 /* Padding.swift */ = {isa = PBXFileReference; lastKnownFileType = sourcecode.swift; path = Padding.swift; sourceTree = "<group>"; };
		OBJ_114 /* Poly1305.swift */ = {isa = PBXFileReference; lastKnownFileType = sourcecode.swift; path = Poly1305.swift; sourceTree = "<group>"; };
		OBJ_115 /* Rabbit.swift */ = {isa = PBXFileReference; lastKnownFileType = sourcecode.swift; path = Rabbit.swift; sourceTree = "<group>"; };
		OBJ_116 /* RandomAccessCryptor.swift */ = {isa = PBXFileReference; lastKnownFileType = sourcecode.swift; path = RandomAccessCryptor.swift; sourceTree = "<group>"; };
		OBJ_117 /* RandomBytesSequence.swift */ = {isa = PBXFileReference; lastKnownFileType = sourcecode.swift; path = RandomBytesSequence.swift; sourceTree = "<group>"; };
		OBJ_118 /* SHA1.swift */ = {isa = PBXFileReference; lastKnownFileType = sourcecode.swift; path = SHA1.swift; sourceTree = "<group>"; };
		OBJ_119 /* SHA2.swift */ = {isa = PBXFileReference; lastKnownFileType = sourcecode.swift; path = SHA2.swift; sourceTree = "<group>"; };
		OBJ_12 /* Namespace.swift */ = {isa = PBXFileReference; lastKnownFileType = sourcecode.swift; path = Namespace.swift; sourceTree = "<group>"; };
		OBJ_120 /* SHA3.swift */ = {isa = PBXFileReference; lastKnownFileType = sourcecode.swift; path = SHA3.swift; sourceTree = "<group>"; };
		OBJ_121 /* SecureBytes.swift */ = {isa = PBXFileReference; lastKnownFileType = sourcecode.swift; path = SecureBytes.swift; sourceTree = "<group>"; };
		OBJ_122 /* String+Extension.swift */ = {isa = PBXFileReference; lastKnownFileType = sourcecode.swift; path = "String+Extension.swift"; sourceTree = "<group>"; };
		OBJ_123 /* UInt16+Extension.swift */ = {isa = PBXFileReference; lastKnownFileType = sourcecode.swift; path = "UInt16+Extension.swift"; sourceTree = "<group>"; };
		OBJ_124 /* UInt32+Extension.swift */ = {isa = PBXFileReference; lastKnownFileType = sourcecode.swift; path = "UInt32+Extension.swift"; sourceTree = "<group>"; };
		OBJ_125 /* UInt64+Extension.swift */ = {isa = PBXFileReference; lastKnownFileType = sourcecode.swift; path = "UInt64+Extension.swift"; sourceTree = "<group>"; };
		OBJ_126 /* UInt8+Extension.swift */ = {isa = PBXFileReference; lastKnownFileType = sourcecode.swift; path = "UInt8+Extension.swift"; sourceTree = "<group>"; };
		OBJ_127 /* Updatable.swift */ = {isa = PBXFileReference; lastKnownFileType = sourcecode.swift; path = Updatable.swift; sourceTree = "<group>"; };
		OBJ_128 /* Utils.swift */ = {isa = PBXFileReference; lastKnownFileType = sourcecode.swift; path = Utils.swift; sourceTree = "<group>"; };
		OBJ_129 /* ZeroPadding.swift */ = {isa = PBXFileReference; lastKnownFileType = sourcecode.swift; path = ZeroPadding.swift; sourceTree = "<group>"; };
		OBJ_13 /* URL+Extensions.swift */ = {isa = PBXFileReference; lastKnownFileType = sourcecode.swift; path = "URL+Extensions.swift"; sourceTree = "<group>"; };
		OBJ_130 /* Package.swift */ = {isa = PBXFileReference; explicitFileType = sourcecode.swift; name = Package.swift; path = "/Users/carl/develop/macOS/self/IronBank/.build/checkouts/CryptoSwift.git--6440749087414195235/Package.swift"; sourceTree = "<group>"; };
		OBJ_133 /* Namespace.swift */ = {isa = PBXFileReference; lastKnownFileType = sourcecode.swift; path = Namespace.swift; sourceTree = "<group>"; };
		OBJ_134 /* StringExtension.swift */ = {isa = PBXFileReference; lastKnownFileType = sourcecode.swift; path = StringExtension.swift; sourceTree = "<group>"; };
		OBJ_135 /* Package.swift */ = {isa = PBXFileReference; explicitFileType = sourcecode.swift; name = Package.swift; path = "/Users/carl/develop/macOS/self/IronBank/.build/checkouts/HandOfTheKing.git-3161676498207957456/Package.swift"; sourceTree = "<group>"; };
		OBJ_137 /* Package.swift */ = {isa = PBXFileReference; explicitFileType = sourcecode.swift; name = Package.swift; path = "/Users/carl/develop/macOS/self/IronBank/.build/checkouts/Rainbow-4833422609927903952/Package.swift"; sourceTree = "<group>"; };
		OBJ_138 /* BackgroundColor.swift */ = {isa = PBXFileReference; lastKnownFileType = sourcecode.swift; path = BackgroundColor.swift; sourceTree = "<group>"; };
		OBJ_139 /* CodesParser.swift */ = {isa = PBXFileReference; lastKnownFileType = sourcecode.swift; path = CodesParser.swift; sourceTree = "<group>"; };
		OBJ_14 /* GitHelper.swift */ = {isa = PBXFileReference; lastKnownFileType = sourcecode.swift; path = GitHelper.swift; sourceTree = "<group>"; };
		OBJ_140 /* Color.swift */ = {isa = PBXFileReference; lastKnownFileType = sourcecode.swift; path = Color.swift; sourceTree = "<group>"; };
		OBJ_141 /* ControlCode.swift */ = {isa = PBXFileReference; lastKnownFileType = sourcecode.swift; path = ControlCode.swift; sourceTree = "<group>"; };
		OBJ_142 /* ModesExtractor.swift */ = {isa = PBXFileReference; lastKnownFileType = sourcecode.swift; path = ModesExtractor.swift; sourceTree = "<group>"; };
		OBJ_143 /* OutputTarget.swift */ = {isa = PBXFileReference; lastKnownFileType = sourcecode.swift; path = OutputTarget.swift; sourceTree = "<group>"; };
		OBJ_144 /* Rainbow.swift */ = {isa = PBXFileReference; lastKnownFileType = sourcecode.swift; path = Rainbow.swift; sourceTree = "<group>"; };
		OBJ_145 /* String+Rainbow.swift */ = {isa = PBXFileReference; lastKnownFileType = sourcecode.swift; path = "String+Rainbow.swift"; sourceTree = "<group>"; };
		OBJ_146 /* StringGenerator.swift */ = {isa = PBXFileReference; lastKnownFileType = sourcecode.swift; path = StringGenerator.swift; sourceTree = "<group>"; };
		OBJ_147 /* Style.swift */ = {isa = PBXFileReference; lastKnownFileType = sourcecode.swift; path = Style.swift; sourceTree = "<group>"; };
		OBJ_148 /* XcodeColorsSupport.swift */ = {isa = PBXFileReference; lastKnownFileType = sourcecode.swift; path = XcodeColorsSupport.swift; sourceTree = "<group>"; };
		OBJ_15 /* IronBankKit.swift */ = {isa = PBXFileReference; lastKnownFileType = sourcecode.swift; path = IronBankKit.swift; sourceTree = "<group>"; };
		OBJ_17 /* main.swift */ = {isa = PBXFileReference; lastKnownFileType = sourcecode.swift; path = main.swift; sourceTree = "<group>"; };
		OBJ_23 /* api.c */ = {isa = PBXFileReference; lastKnownFileType = sourcecode.c.c; path = api.c; sourceTree = "<group>"; };
		OBJ_24 /* emitter.c */ = {isa = PBXFileReference; lastKnownFileType = sourcecode.c.c; path = emitter.c; sourceTree = "<group>"; };
		OBJ_25 /* parser.c */ = {isa = PBXFileReference; lastKnownFileType = sourcecode.c.c; path = parser.c; sourceTree = "<group>"; };
		OBJ_26 /* reader.c */ = {isa = PBXFileReference; lastKnownFileType = sourcecode.c.c; path = reader.c; sourceTree = "<group>"; };
		OBJ_27 /* scanner.c */ = {isa = PBXFileReference; lastKnownFileType = sourcecode.c.c; path = scanner.c; sourceTree = "<group>"; };
		OBJ_28 /* writer.c */ = {isa = PBXFileReference; lastKnownFileType = sourcecode.c.c; path = writer.c; sourceTree = "<group>"; };
		OBJ_30 /* CYaml.h */ = {isa = PBXFileReference; lastKnownFileType = sourcecode.c.h; path = CYaml.h; sourceTree = "<group>"; };
		OBJ_31 /* yaml.h */ = {isa = PBXFileReference; lastKnownFileType = sourcecode.c.h; path = yaml.h; sourceTree = "<group>"; };
		OBJ_32 /* module.modulemap */ = {isa = PBXFileReference; lastKnownFileType = "sourcecode.module-map"; name = module.modulemap; path = /Users/carl/develop/macOS/self/IronBank/IronBank.xcodeproj/GeneratedModuleMap/CYaml/module.modulemap; sourceTree = "<group>"; };
		OBJ_34 /* Constructor.swift */ = {isa = PBXFileReference; lastKnownFileType = sourcecode.swift; path = Constructor.swift; sourceTree = "<group>"; };
		OBJ_35 /* Decoder.swift */ = {isa = PBXFileReference; lastKnownFileType = sourcecode.swift; path = Decoder.swift; sourceTree = "<group>"; };
		OBJ_36 /* Emitter.swift */ = {isa = PBXFileReference; lastKnownFileType = sourcecode.swift; path = Emitter.swift; sourceTree = "<group>"; };
		OBJ_37 /* Encoder.swift */ = {isa = PBXFileReference; lastKnownFileType = sourcecode.swift; path = Encoder.swift; sourceTree = "<group>"; };
		OBJ_38 /* Mark.swift */ = {isa = PBXFileReference; lastKnownFileType = sourcecode.swift; path = Mark.swift; sourceTree = "<group>"; };
		OBJ_39 /* Node.Mapping.swift */ = {isa = PBXFileReference; lastKnownFileType = sourcecode.swift; path = Node.Mapping.swift; sourceTree = "<group>"; };
		OBJ_40 /* Node.Scalar.swift */ = {isa = PBXFileReference; lastKnownFileType = sourcecode.swift; path = Node.Scalar.swift; sourceTree = "<group>"; };
		OBJ_41 /* Node.Sequence.swift */ = {isa = PBXFileReference; lastKnownFileType = sourcecode.swift; path = Node.Sequence.swift; sourceTree = "<group>"; };
		OBJ_42 /* Node.swift */ = {isa = PBXFileReference; lastKnownFileType = sourcecode.swift; path = Node.swift; sourceTree = "<group>"; };
		OBJ_43 /* Parser.swift */ = {isa = PBXFileReference; lastKnownFileType = sourcecode.swift; path = Parser.swift; sourceTree = "<group>"; };
		OBJ_44 /* Representer.swift */ = {isa = PBXFileReference; lastKnownFileType = sourcecode.swift; path = Representer.swift; sourceTree = "<group>"; };
		OBJ_45 /* Resolver.swift */ = {isa = PBXFileReference; lastKnownFileType = sourcecode.swift; path = Resolver.swift; sourceTree = "<group>"; };
		OBJ_46 /* String+Yams.swift */ = {isa = PBXFileReference; lastKnownFileType = sourcecode.swift; path = "String+Yams.swift"; sourceTree = "<group>"; };
		OBJ_47 /* Tag.swift */ = {isa = PBXFileReference; lastKnownFileType = sourcecode.swift; path = Tag.swift; sourceTree = "<group>"; };
		OBJ_48 /* YamlError.swift */ = {isa = PBXFileReference; lastKnownFileType = sourcecode.swift; path = YamlError.swift; sourceTree = "<group>"; };
		OBJ_49 /* Package.swift */ = {isa = PBXFileReference; explicitFileType = sourcecode.swift; name = Package.swift; path = "/Users/carl/develop/macOS/self/IronBank/.build/checkouts/Yams.git-8068124914099325722/Package.swift"; sourceTree = "<group>"; };
		OBJ_52 /* ArgumentConvertible.swift */ = {isa = PBXFileReference; lastKnownFileType = sourcecode.swift; path = ArgumentConvertible.swift; sourceTree = "<group>"; };
		OBJ_53 /* ArgumentDescription.swift */ = {isa = PBXFileReference; lastKnownFileType = sourcecode.swift; path = ArgumentDescription.swift; sourceTree = "<group>"; };
		OBJ_54 /* ArgumentParser.swift */ = {isa = PBXFileReference; lastKnownFileType = sourcecode.swift; path = ArgumentParser.swift; sourceTree = "<group>"; };
		OBJ_55 /* Command.swift */ = {isa = PBXFileReference; lastKnownFileType = sourcecode.swift; path = Command.swift; sourceTree = "<group>"; };
		OBJ_56 /* CommandRunner.swift */ = {isa = PBXFileReference; lastKnownFileType = sourcecode.swift; path = CommandRunner.swift; sourceTree = "<group>"; };
		OBJ_57 /* CommandType.swift */ = {isa = PBXFileReference; lastKnownFileType = sourcecode.swift; path = CommandType.swift; sourceTree = "<group>"; };
		OBJ_58 /* Commands.swift */ = {isa = PBXFileReference; lastKnownFileType = sourcecode.swift; path = Commands.swift; sourceTree = "<group>"; };
		OBJ_59 /* Error.swift */ = {isa = PBXFileReference; lastKnownFileType = sourcecode.swift; path = Error.swift; sourceTree = "<group>"; };
		OBJ_6 /* Package.swift */ = {isa = PBXFileReference; explicitFileType = sourcecode.swift; path = Package.swift; sourceTree = "<group>"; };
		OBJ_60 /* Group.swift */ = {isa = PBXFileReference; lastKnownFileType = sourcecode.swift; path = Group.swift; sourceTree = "<group>"; };
		OBJ_61 /* Package.swift */ = {isa = PBXFileReference; explicitFileType = sourcecode.swift; name = Package.swift; path = "/Users/carl/develop/macOS/self/IronBank/.build/checkouts/Commander.git-8842944228949165507/Package.swift"; sourceTree = "<group>"; };
		OBJ_64 /* AES.Cryptors.swift */ = {isa = PBXFileReference; lastKnownFileType = sourcecode.swift; path = AES.Cryptors.swift; sourceTree = "<group>"; };
		OBJ_65 /* AES.swift */ = {isa = PBXFileReference; lastKnownFileType = sourcecode.swift; path = AES.swift; sourceTree = "<group>"; };
		OBJ_66 /* Array+Extension.swift */ = {isa = PBXFileReference; lastKnownFileType = sourcecode.swift; path = "Array+Extension.swift"; sourceTree = "<group>"; };
		OBJ_67 /* Array+Extensions.swift */ = {isa = PBXFileReference; lastKnownFileType = sourcecode.swift; path = "Array+Extensions.swift"; sourceTree = "<group>"; };
		OBJ_68 /* Authenticator.swift */ = {isa = PBXFileReference; lastKnownFileType = sourcecode.swift; path = Authenticator.swift; sourceTree = "<group>"; };
		OBJ_69 /* BatchedCollection.swift */ = {isa = PBXFileReference; lastKnownFileType = sourcecode.swift; path = BatchedCollection.swift; sourceTree = "<group>"; };
		OBJ_70 /* Bit.swift */ = {isa = PBXFileReference; lastKnownFileType = sourcecode.swift; path = Bit.swift; sourceTree = "<group>"; };
		OBJ_71 /* BlockCipher.swift */ = {isa = PBXFileReference; lastKnownFileType = sourcecode.swift; path = BlockCipher.swift; sourceTree = "<group>"; };
		OBJ_73 /* BlockMode.swift */ = {isa = PBXFileReference; lastKnownFileType = sourcecode.swift; path = BlockMode.swift; sourceTree = "<group>"; };
		OBJ_74 /* BlockModeOptions.swift */ = {isa = PBXFileReference; lastKnownFileType = sourcecode.swift; path = BlockModeOptions.swift; sourceTree = "<group>"; };
		OBJ_75 /* BlockModeWorker.swift */ = {isa = PBXFileReference; lastKnownFileType = sourcecode.swift; path = BlockModeWorker.swift; sourceTree = "<group>"; };
		OBJ_76 /* CBC.swift */ = {isa = PBXFileReference; lastKnownFileType = sourcecode.swift; path = CBC.swift; sourceTree = "<group>"; };
		OBJ_77 /* CFB.swift */ = {isa = PBXFileReference; lastKnownFileType = sourcecode.swift; path = CFB.swift; sourceTree = "<group>"; };
		OBJ_78 /* CTR.swift */ = {isa = PBXFileReference; lastKnownFileType = sourcecode.swift; path = CTR.swift; sourceTree = "<group>"; };
		OBJ_79 /* ECB.swift */ = {isa = PBXFileReference; lastKnownFileType = sourcecode.swift; path = ECB.swift; sourceTree = "<group>"; };
		OBJ_80 /* OFB.swift */ = {isa = PBXFileReference; lastKnownFileType = sourcecode.swift; path = OFB.swift; sourceTree = "<group>"; };
		OBJ_81 /* PCBC.swift */ = {isa = PBXFileReference; lastKnownFileType = sourcecode.swift; path = PCBC.swift; sourceTree = "<group>"; };
		OBJ_82 /* RandomAccessBlockModeWorker.swift */ = {isa = PBXFileReference; lastKnownFileType = sourcecode.swift; path = RandomAccessBlockModeWorker.swift; sourceTree = "<group>"; };
		OBJ_83 /* Blowfish.swift */ = {isa = PBXFileReference; lastKnownFileType = sourcecode.swift; path = Blowfish.swift; sourceTree = "<group>"; };
		OBJ_84 /* ChaCha20.swift */ = {isa = PBXFileReference; lastKnownFileType = sourcecode.swift; path = ChaCha20.swift; sourceTree = "<group>"; };
		OBJ_85 /* Checksum.swift */ = {isa = PBXFileReference; lastKnownFileType = sourcecode.swift; path = Checksum.swift; sourceTree = "<group>"; };
		OBJ_86 /* Cipher.swift */ = {isa = PBXFileReference; lastKnownFileType = sourcecode.swift; path = Cipher.swift; sourceTree = "<group>"; };
		OBJ_87 /* Collection+Extension.swift */ = {isa = PBXFileReference; lastKnownFileType = sourcecode.swift; path = "Collection+Extension.swift"; sourceTree = "<group>"; };
		OBJ_88 /* Cryptors.swift */ = {isa = PBXFileReference; lastKnownFileType = sourcecode.swift; path = Cryptors.swift; sourceTree = "<group>"; };
		OBJ_89 /* Digest.swift */ = {isa = PBXFileReference; lastKnownFileType = sourcecode.swift; path = Digest.swift; sourceTree = "<group>"; };
		OBJ_9 /* ConfigFile.swift */ = {isa = PBXFileReference; lastKnownFileType = sourcecode.swift; path = ConfigFile.swift; sourceTree = "<group>"; };
		OBJ_90 /* DigestType.swift */ = {isa = PBXFileReference; lastKnownFileType = sourcecode.swift; path = DigestType.swift; sourceTree = "<group>"; };
		OBJ_92 /* AES+Foundation.swift */ = {isa = PBXFileReference; lastKnownFileType = sourcecode.swift; path = "AES+Foundation.swift"; sourceTree = "<group>"; };
		OBJ_93 /* Array+Foundation.swift */ = {isa = PBXFileReference; lastKnownFileType = sourcecode.swift; path = "Array+Foundation.swift"; sourceTree = "<group>"; };
		OBJ_94 /* Blowfish+Foundation.swift */ = {isa = PBXFileReference; lastKnownFileType = sourcecode.swift; path = "Blowfish+Foundation.swift"; sourceTree = "<group>"; };
		OBJ_95 /* ChaCha20+Foundation.swift */ = {isa = PBXFileReference; lastKnownFileType = sourcecode.swift; path = "ChaCha20+Foundation.swift"; sourceTree = "<group>"; };
		OBJ_96 /* Data+Extension.swift */ = {isa = PBXFileReference; lastKnownFileType = sourcecode.swift; path = "Data+Extension.swift"; sourceTree = "<group>"; };
		OBJ_97 /* HMAC+Foundation.swift */ = {isa = PBXFileReference; lastKnownFileType = sourcecode.swift; path = "HMAC+Foundation.swift"; sourceTree = "<group>"; };
		OBJ_98 /* Rabbit+Foundation.swift */ = {isa = PBXFileReference; lastKnownFileType = sourcecode.swift; path = "Rabbit+Foundation.swift"; sourceTree = "<group>"; };
		OBJ_99 /* String+FoundationExtension.swift */ = {isa = PBXFileReference; lastKnownFileType = sourcecode.swift; path = "String+FoundationExtension.swift"; sourceTree = "<group>"; };
		"Rainbow::Rainbow::Product" /* Rainbow.framework */ = {isa = PBXFileReference; explicitFileType = wrapper.framework; path = Rainbow.framework; sourceTree = BUILT_PRODUCTS_DIR; };
		"Yams::CYaml::Product" /* CYaml.framework */ = {isa = PBXFileReference; explicitFileType = wrapper.framework; path = CYaml.framework; sourceTree = BUILT_PRODUCTS_DIR; };
		"Yams::Yams::Product" /* Yams.framework */ = {isa = PBXFileReference; explicitFileType = wrapper.framework; path = Yams.framework; sourceTree = BUILT_PRODUCTS_DIR; };
/* End PBXFileReference section */

/* Begin PBXFrameworksBuildPhase section */
		OBJ_200 /* Frameworks */ = {
			isa = PBXFrameworksBuildPhase;
			buildActionMask = 0;
			files = (
				OBJ_201 /* Commander.framework in Frameworks */,
				OBJ_202 /* Rainbow.framework in Frameworks */,
				OBJ_203 /* IronBankKit.framework in Frameworks */,
				OBJ_204 /* Yams.framework in Frameworks */,
				OBJ_205 /* CYaml.framework in Frameworks */,
				OBJ_206 /* CryptoSwift.framework in Frameworks */,
				OBJ_207 /* HandOfTheKing.framework in Frameworks */,
			);
			runOnlyForDeploymentPostprocessing = 0;
		};
		OBJ_235 /* Frameworks */ = {
			isa = PBXFrameworksBuildPhase;
			buildActionMask = 0;
			files = (
			);
			runOnlyForDeploymentPostprocessing = 0;
		};
		OBJ_251 /* Frameworks */ = {
			isa = PBXFrameworksBuildPhase;
			buildActionMask = 0;
			files = (
			);
			runOnlyForDeploymentPostprocessing = 0;
		};
		OBJ_262 /* Frameworks */ = {
			isa = PBXFrameworksBuildPhase;
			buildActionMask = 0;
			files = (
				OBJ_263 /* Yams.framework in Frameworks */,
				OBJ_264 /* CYaml.framework in Frameworks */,
				OBJ_265 /* CryptoSwift.framework in Frameworks */,
				OBJ_266 /* HandOfTheKing.framework in Frameworks */,
			);
			runOnlyForDeploymentPostprocessing = 0;
		};
		OBJ_290 /* Frameworks */ = {
			isa = PBXFrameworksBuildPhase;
			buildActionMask = 0;
			files = (
				OBJ_291 /* CYaml.framework in Frameworks */,
			);
			runOnlyForDeploymentPostprocessing = 0;
		};
		OBJ_303 /* Frameworks */ = {
			isa = PBXFrameworksBuildPhase;
			buildActionMask = 0;
			files = (
			);
			runOnlyForDeploymentPostprocessing = 0;
		};
		OBJ_371 /* Frameworks */ = {
			isa = PBXFrameworksBuildPhase;
			buildActionMask = 0;
			files = (
			);
			runOnlyForDeploymentPostprocessing = 0;
		};
		OBJ_378 /* Frameworks */ = {
			isa = PBXFrameworksBuildPhase;
			buildActionMask = 0;
			files = (
			);
			runOnlyForDeploymentPostprocessing = 0;
		};
/* End PBXFrameworksBuildPhase section */

/* Begin PBXGroup section */
		OBJ_107 /* PKCS */ = {
			isa = PBXGroup;
			children = (
				OBJ_108 /* PBKDF1.swift */,
				OBJ_109 /* PBKDF2.swift */,
				OBJ_110 /* PKCS5.swift */,
				OBJ_111 /* PKCS7.swift */,
				OBJ_112 /* PKCS7Padding.swift */,
			);
			path = PKCS;
			sourceTree = "<group>";
		};
		OBJ_11 /* Extensions */ = {
			isa = PBXGroup;
			children = (
				OBJ_12 /* Namespace.swift */,
				OBJ_13 /* URL+Extensions.swift */,
			);
			path = Extensions;
			sourceTree = "<group>";
		};
		OBJ_131 /* HandOfTheKing */ = {
			isa = PBXGroup;
			children = (
				OBJ_132 /* HandOfTheKing */,
				OBJ_135 /* Package.swift */,
			);
			name = HandOfTheKing;
			sourceTree = SOURCE_ROOT;
		};
		OBJ_132 /* HandOfTheKing */ = {
			isa = PBXGroup;
			children = (
				OBJ_133 /* Namespace.swift */,
				OBJ_134 /* StringExtension.swift */,
			);
			name = HandOfTheKing;
			path = ".build/checkouts/HandOfTheKing.git-3161676498207957456/Sources/HandOfTheKing";
			sourceTree = SOURCE_ROOT;
		};
		OBJ_136 /* Rainbow 3.0.3 */ = {
			isa = PBXGroup;
			children = (
				OBJ_137 /* Package.swift */,
				OBJ_138 /* BackgroundColor.swift */,
				OBJ_139 /* CodesParser.swift */,
				OBJ_140 /* Color.swift */,
				OBJ_141 /* ControlCode.swift */,
				OBJ_142 /* ModesExtractor.swift */,
				OBJ_143 /* OutputTarget.swift */,
				OBJ_144 /* Rainbow.swift */,
				OBJ_145 /* String+Rainbow.swift */,
				OBJ_146 /* StringGenerator.swift */,
				OBJ_147 /* Style.swift */,
				OBJ_148 /* XcodeColorsSupport.swift */,
			);
			name = "Rainbow 3.0.3";
			path = ".build/checkouts/Rainbow-4833422609927903952/Sources";
			sourceTree = SOURCE_ROOT;
		};
		OBJ_149 /* Products */ = {
			isa = PBXGroup;
			children = (
				"IronBank::IronBank::Product" /* IronBank */,
				"Commander::Commander::Product" /* Commander.framework */,
				"Rainbow::Rainbow::Product" /* Rainbow.framework */,
				"IronBank::IronBankKit::Product" /* IronBankKit.framework */,
				"Yams::Yams::Product" /* Yams.framework */,
				"Yams::CYaml::Product" /* CYaml.framework */,
				"CryptoSwift::CryptoSwift::Product" /* CryptoSwift.framework */,
				"HandOfTheKing::HandOfTheKing::Product" /* HandOfTheKing.framework */,
			);
			name = Products;
			sourceTree = BUILT_PRODUCTS_DIR;
		};
		OBJ_16 /* IronBank */ = {
			isa = PBXGroup;
			children = (
				OBJ_17 /* main.swift */,
			);
			name = IronBank;
			path = Sources/IronBank;
			sourceTree = SOURCE_ROOT;
		};
		OBJ_18 /* Tests */ = {
			isa = PBXGroup;
			children = (
			);
			name = Tests;
			sourceTree = SOURCE_ROOT;
		};
		OBJ_19 /* Dependencies */ = {
			isa = PBXGroup;
			children = (
				OBJ_20 /* Yams 0.5.0 */,
				OBJ_50 /* Commander 0.8.0 */,
				OBJ_62 /* CryptoSwift 0.8.0 */,
				OBJ_131 /* HandOfTheKing */,
				OBJ_136 /* Rainbow 3.0.3 */,
			);
			name = Dependencies;
			sourceTree = "<group>";
		};
		OBJ_20 /* Yams 0.5.0 */ = {
			isa = PBXGroup;
			children = (
				OBJ_21 /* CYaml */,
				OBJ_33 /* Yams */,
				OBJ_49 /* Package.swift */,
			);
			name = "Yams 0.5.0";
			sourceTree = SOURCE_ROOT;
		};
		OBJ_21 /* CYaml */ = {
			isa = PBXGroup;
			children = (
				OBJ_22 /* src */,
				OBJ_29 /* include */,
			);
			name = CYaml;
			path = ".build/checkouts/Yams.git-8068124914099325722/Sources/CYaml";
			sourceTree = SOURCE_ROOT;
		};
		OBJ_22 /* src */ = {
			isa = PBXGroup;
			children = (
				OBJ_23 /* api.c */,
				OBJ_24 /* emitter.c */,
				OBJ_25 /* parser.c */,
				OBJ_26 /* reader.c */,
				OBJ_27 /* scanner.c */,
				OBJ_28 /* writer.c */,
			);
			path = src;
			sourceTree = "<group>";
		};
		OBJ_29 /* include */ = {
			isa = PBXGroup;
			children = (
				OBJ_30 /* CYaml.h */,
				OBJ_31 /* yaml.h */,
				OBJ_32 /* module.modulemap */,
			);
			path = include;
			sourceTree = "<group>";
		};
		OBJ_33 /* Yams */ = {
			isa = PBXGroup;
			children = (
				OBJ_34 /* Constructor.swift */,
				OBJ_35 /* Decoder.swift */,
				OBJ_36 /* Emitter.swift */,
				OBJ_37 /* Encoder.swift */,
				OBJ_38 /* Mark.swift */,
				OBJ_39 /* Node.Mapping.swift */,
				OBJ_40 /* Node.Scalar.swift */,
				OBJ_41 /* Node.Sequence.swift */,
				OBJ_42 /* Node.swift */,
				OBJ_43 /* Parser.swift */,
				OBJ_44 /* Representer.swift */,
				OBJ_45 /* Resolver.swift */,
				OBJ_46 /* String+Yams.swift */,
				OBJ_47 /* Tag.swift */,
				OBJ_48 /* YamlError.swift */,
			);
			name = Yams;
			path = ".build/checkouts/Yams.git-8068124914099325722/Sources/Yams";
			sourceTree = SOURCE_ROOT;
		};
		OBJ_5 /*  */ = {
			isa = PBXGroup;
			children = (
				OBJ_6 /* Package.swift */,
				OBJ_7 /* Sources */,
				OBJ_18 /* Tests */,
				OBJ_19 /* Dependencies */,
				OBJ_149 /* Products */,
			);
			name = "";
			sourceTree = "<group>";
		};
		OBJ_50 /* Commander 0.8.0 */ = {
			isa = PBXGroup;
			children = (
				OBJ_51 /* Commander */,
				OBJ_61 /* Package.swift */,
			);
			name = "Commander 0.8.0";
			sourceTree = SOURCE_ROOT;
		};
		OBJ_51 /* Commander */ = {
			isa = PBXGroup;
			children = (
				OBJ_52 /* ArgumentConvertible.swift */,
				OBJ_53 /* ArgumentDescription.swift */,
				OBJ_54 /* ArgumentParser.swift */,
				OBJ_55 /* Command.swift */,
				OBJ_56 /* CommandRunner.swift */,
				OBJ_57 /* CommandType.swift */,
				OBJ_58 /* Commands.swift */,
				OBJ_59 /* Error.swift */,
				OBJ_60 /* Group.swift */,
			);
			name = Commander;
			path = ".build/checkouts/Commander.git-8842944228949165507/Sources/Commander";
			sourceTree = SOURCE_ROOT;
		};
		OBJ_62 /* CryptoSwift 0.8.0 */ = {
			isa = PBXGroup;
			children = (
				OBJ_63 /* CryptoSwift */,
				OBJ_130 /* Package.swift */,
			);
			name = "CryptoSwift 0.8.0";
			sourceTree = SOURCE_ROOT;
		};
		OBJ_63 /* CryptoSwift */ = {
			isa = PBXGroup;
			children = (
				OBJ_64 /* AES.Cryptors.swift */,
				OBJ_65 /* AES.swift */,
				OBJ_66 /* Array+Extension.swift */,
				OBJ_67 /* Array+Extensions.swift */,
				OBJ_68 /* Authenticator.swift */,
				OBJ_69 /* BatchedCollection.swift */,
				OBJ_70 /* Bit.swift */,
				OBJ_71 /* BlockCipher.swift */,
				OBJ_72 /* BlockMode */,
				OBJ_83 /* Blowfish.swift */,
				OBJ_84 /* ChaCha20.swift */,
				OBJ_85 /* Checksum.swift */,
				OBJ_86 /* Cipher.swift */,
				OBJ_87 /* Collection+Extension.swift */,
				OBJ_88 /* Cryptors.swift */,
				OBJ_89 /* Digest.swift */,
				OBJ_90 /* DigestType.swift */,
				OBJ_91 /* Foundation */,
				OBJ_101 /* Generics.swift */,
				OBJ_102 /* HMAC.swift */,
				OBJ_103 /* Int+Extension.swift */,
				OBJ_104 /* MD5.swift */,
				OBJ_105 /* NoPadding.swift */,
				OBJ_106 /* Operators.swift */,
				OBJ_107 /* PKCS */,
				OBJ_113 /* Padding.swift */,
				OBJ_114 /* Poly1305.swift */,
				OBJ_115 /* Rabbit.swift */,
				OBJ_116 /* RandomAccessCryptor.swift */,
				OBJ_117 /* RandomBytesSequence.swift */,
				OBJ_118 /* SHA1.swift */,
				OBJ_119 /* SHA2.swift */,
				OBJ_120 /* SHA3.swift */,
				OBJ_121 /* SecureBytes.swift */,
				OBJ_122 /* String+Extension.swift */,
				OBJ_123 /* UInt16+Extension.swift */,
				OBJ_124 /* UInt32+Extension.swift */,
				OBJ_125 /* UInt64+Extension.swift */,
				OBJ_126 /* UInt8+Extension.swift */,
				OBJ_127 /* Updatable.swift */,
				OBJ_128 /* Utils.swift */,
				OBJ_129 /* ZeroPadding.swift */,
			);
			name = CryptoSwift;
			path = ".build/checkouts/CryptoSwift.git--6440749087414195235/Sources/CryptoSwift";
			sourceTree = SOURCE_ROOT;
		};
		OBJ_7 /* Sources */ = {
			isa = PBXGroup;
			children = (
				OBJ_8 /* IronBankKit */,
				OBJ_16 /* IronBank */,
			);
			name = Sources;
			sourceTree = SOURCE_ROOT;
		};
		OBJ_72 /* BlockMode */ = {
			isa = PBXGroup;
			children = (
				OBJ_73 /* BlockMode.swift */,
				OBJ_74 /* BlockModeOptions.swift */,
				OBJ_75 /* BlockModeWorker.swift */,
				OBJ_76 /* CBC.swift */,
				OBJ_77 /* CFB.swift */,
				OBJ_78 /* CTR.swift */,
				OBJ_79 /* ECB.swift */,
				OBJ_80 /* OFB.swift */,
				OBJ_81 /* PCBC.swift */,
				OBJ_82 /* RandomAccessBlockModeWorker.swift */,
			);
			path = BlockMode;
			sourceTree = "<group>";
		};
		OBJ_8 /* IronBankKit */ = {
			isa = PBXGroup;
			children = (
				OBJ_9 /* ConfigFile.swift */,
				OBJ_10 /* DownloadHelper.swift */,
				OBJ_11 /* Extensions */,
				OBJ_14 /* GitHelper.swift */,
				OBJ_15 /* IronBankKit.swift */,
			);
			name = IronBankKit;
			path = Sources/IronBankKit;
			sourceTree = SOURCE_ROOT;
		};
		OBJ_91 /* Foundation */ = {
			isa = PBXGroup;
			children = (
				OBJ_92 /* AES+Foundation.swift */,
				OBJ_93 /* Array+Foundation.swift */,
				OBJ_94 /* Blowfish+Foundation.swift */,
				OBJ_95 /* ChaCha20+Foundation.swift */,
				OBJ_96 /* Data+Extension.swift */,
				OBJ_97 /* HMAC+Foundation.swift */,
				OBJ_98 /* Rabbit+Foundation.swift */,
				OBJ_99 /* String+FoundationExtension.swift */,
				OBJ_100 /* Utils+Foundation.swift */,
			);
			path = Foundation;
			sourceTree = "<group>";
		};
/* End PBXGroup section */

/* Begin PBXNativeTarget section */
		"Commander::Commander" /* Commander */ = {
			isa = PBXNativeTarget;
			buildConfigurationList = OBJ_222 /* Build configuration list for PBXNativeTarget "Commander" */;
			buildPhases = (
				OBJ_225 /* Sources */,
				OBJ_235 /* Frameworks */,
			);
			buildRules = (
			);
			dependencies = (
			);
			name = Commander;
			productName = Commander;
			productReference = "Commander::Commander::Product" /* Commander.framework */;
			productType = "com.apple.product-type.framework";
		};
		"Commander::SwiftPMPackageDescription" /* CommanderPackageDescription */ = {
			isa = PBXNativeTarget;
			buildConfigurationList = OBJ_171 /* Build configuration list for PBXNativeTarget "CommanderPackageDescription" */;
			buildPhases = (
				OBJ_174 /* Sources */,
			);
			buildRules = (
			);
			dependencies = (
			);
			name = CommanderPackageDescription;
			productName = CommanderPackageDescription;
			productType = "com.apple.product-type.framework";
		};
		"CryptoSwift::CryptoSwift" /* CryptoSwift */ = {
			isa = PBXNativeTarget;
			buildConfigurationList = OBJ_304 /* Build configuration list for PBXNativeTarget "CryptoSwift" */;
			buildPhases = (
				OBJ_307 /* Sources */,
				OBJ_371 /* Frameworks */,
			);
			buildRules = (
			);
			dependencies = (
			);
			name = CryptoSwift;
			productName = CryptoSwift;
			productReference = "CryptoSwift::CryptoSwift::Product" /* CryptoSwift.framework */;
			productType = "com.apple.product-type.framework";
		};
		"CryptoSwift::SwiftPMPackageDescription" /* CryptoSwiftPackageDescription */ = {
			isa = PBXNativeTarget;
			buildConfigurationList = OBJ_177 /* Build configuration list for PBXNativeTarget "CryptoSwiftPackageDescription" */;
			buildPhases = (
				OBJ_180 /* Sources */,
			);
			buildRules = (
			);
			dependencies = (
			);
			name = CryptoSwiftPackageDescription;
			productName = CryptoSwiftPackageDescription;
			productType = "com.apple.product-type.framework";
		};
		"HandOfTheKing::HandOfTheKing" /* HandOfTheKing */ = {
			isa = PBXNativeTarget;
			buildConfigurationList = OBJ_372 /* Build configuration list for PBXNativeTarget "HandOfTheKing" */;
			buildPhases = (
				OBJ_375 /* Sources */,
				OBJ_378 /* Frameworks */,
			);
			buildRules = (
			);
			dependencies = (
			);
			name = HandOfTheKing;
			productName = HandOfTheKing;
			productReference = "HandOfTheKing::HandOfTheKing::Product" /* HandOfTheKing.framework */;
			productType = "com.apple.product-type.framework";
		};
		"HandOfTheKing::SwiftPMPackageDescription" /* HandOfTheKingPackageDescription */ = {
			isa = PBXNativeTarget;
			buildConfigurationList = OBJ_183 /* Build configuration list for PBXNativeTarget "HandOfTheKingPackageDescription" */;
			buildPhases = (
				OBJ_186 /* Sources */,
			);
			buildRules = (
			);
			dependencies = (
			);
			name = HandOfTheKingPackageDescription;
			productName = HandOfTheKingPackageDescription;
			productType = "com.apple.product-type.framework";
		};
		"IronBank::IronBank" /* IronBank */ = {
			isa = PBXNativeTarget;
			buildConfigurationList = OBJ_195 /* Build configuration list for PBXNativeTarget "IronBank" */;
			buildPhases = (
				OBJ_198 /* Sources */,
				OBJ_200 /* Frameworks */,
			);
			buildRules = (
			);
			dependencies = (
				OBJ_208 /* PBXTargetDependency */,
				OBJ_210 /* PBXTargetDependency */,
				OBJ_212 /* PBXTargetDependency */,
				OBJ_214 /* PBXTargetDependency */,
				OBJ_216 /* PBXTargetDependency */,
				OBJ_218 /* PBXTargetDependency */,
				OBJ_220 /* PBXTargetDependency */,
			);
			name = IronBank;
			productName = IronBank;
			productReference = "IronBank::IronBank::Product" /* IronBank */;
			productType = "com.apple.product-type.tool";
		};
		"IronBank::IronBankKit" /* IronBankKit */ = {
			isa = PBXNativeTarget;
			buildConfigurationList = OBJ_252 /* Build configuration list for PBXNativeTarget "IronBankKit" */;
			buildPhases = (
				OBJ_255 /* Sources */,
				OBJ_262 /* Frameworks */,
			);
			buildRules = (
			);
			dependencies = (
				OBJ_267 /* PBXTargetDependency */,
				OBJ_268 /* PBXTargetDependency */,
				OBJ_269 /* PBXTargetDependency */,
				OBJ_270 /* PBXTargetDependency */,
			);
			name = IronBankKit;
			productName = IronBankKit;
			productReference = "IronBank::IronBankKit::Product" /* IronBankKit.framework */;
			productType = "com.apple.product-type.framework";
		};
		"IronBank::SwiftPMPackageDescription" /* IronBankPackageDescription */ = {
			isa = PBXNativeTarget;
			buildConfigurationList = OBJ_159 /* Build configuration list for PBXNativeTarget "IronBankPackageDescription" */;
			buildPhases = (
				OBJ_162 /* Sources */,
			);
			buildRules = (
			);
			dependencies = (
			);
			name = IronBankPackageDescription;
			productName = IronBankPackageDescription;
			productType = "com.apple.product-type.framework";
		};
		"Rainbow::Rainbow" /* Rainbow */ = {
			isa = PBXNativeTarget;
			buildConfigurationList = OBJ_236 /* Build configuration list for PBXNativeTarget "Rainbow" */;
			buildPhases = (
				OBJ_239 /* Sources */,
				OBJ_251 /* Frameworks */,
			);
			buildRules = (
			);
			dependencies = (
			);
			name = Rainbow;
			productName = Rainbow;
			productReference = "Rainbow::Rainbow::Product" /* Rainbow.framework */;
			productType = "com.apple.product-type.framework";
		};
		"Rainbow::SwiftPMPackageDescription" /* RainbowPackageDescription */ = {
			isa = PBXNativeTarget;
			buildConfigurationList = OBJ_189 /* Build configuration list for PBXNativeTarget "RainbowPackageDescription" */;
			buildPhases = (
				OBJ_192 /* Sources */,
			);
			buildRules = (
			);
			dependencies = (
			);
			name = RainbowPackageDescription;
			productName = RainbowPackageDescription;
			productType = "com.apple.product-type.framework";
		};
		"Yams::CYaml" /* CYaml */ = {
			isa = PBXNativeTarget;
			buildConfigurationList = OBJ_293 /* Build configuration list for PBXNativeTarget "CYaml" */;
			buildPhases = (
				OBJ_296 /* Sources */,
				OBJ_303 /* Frameworks */,
			);
			buildRules = (
			);
			dependencies = (
			);
			name = CYaml;
			productName = CYaml;
			productReference = "Yams::CYaml::Product" /* CYaml.framework */;
			productType = "com.apple.product-type.framework";
		};
		"Yams::SwiftPMPackageDescription" /* YamsPackageDescription */ = {
			isa = PBXNativeTarget;
			buildConfigurationList = OBJ_165 /* Build configuration list for PBXNativeTarget "YamsPackageDescription" */;
			buildPhases = (
				OBJ_168 /* Sources */,
			);
			buildRules = (
			);
			dependencies = (
			);
			name = YamsPackageDescription;
			productName = YamsPackageDescription;
			productType = "com.apple.product-type.framework";
		};
		"Yams::Yams" /* Yams */ = {
			isa = PBXNativeTarget;
			buildConfigurationList = OBJ_271 /* Build configuration list for PBXNativeTarget "Yams" */;
			buildPhases = (
				OBJ_274 /* Sources */,
				OBJ_290 /* Frameworks */,
			);
			buildRules = (
			);
			dependencies = (
				OBJ_292 /* PBXTargetDependency */,
			);
			name = Yams;
			productName = Yams;
			productReference = "Yams::Yams::Product" /* Yams.framework */;
			productType = "com.apple.product-type.framework";
		};
/* End PBXNativeTarget section */

/* Begin PBXProject section */
		OBJ_1 /* Project object */ = {
			isa = PBXProject;
			attributes = {
				LastUpgradeCheck = 9999;
			};
			buildConfigurationList = OBJ_2 /* Build configuration list for PBXProject "IronBank" */;
			compatibilityVersion = "Xcode 3.2";
			developmentRegion = English;
			hasScannedForEncodings = 0;
			knownRegions = (
				en,
			);
			mainGroup = OBJ_5 /*  */;
			productRefGroup = OBJ_149 /* Products */;
			projectDirPath = "";
			projectRoot = "";
			targets = (
				"IronBank::SwiftPMPackageDescription" /* IronBankPackageDescription */,
				"Yams::SwiftPMPackageDescription" /* YamsPackageDescription */,
				"Commander::SwiftPMPackageDescription" /* CommanderPackageDescription */,
				"CryptoSwift::SwiftPMPackageDescription" /* CryptoSwiftPackageDescription */,
				"HandOfTheKing::SwiftPMPackageDescription" /* HandOfTheKingPackageDescription */,
				"Rainbow::SwiftPMPackageDescription" /* RainbowPackageDescription */,
				"IronBank::IronBank" /* IronBank */,
				"Commander::Commander" /* Commander */,
				"Rainbow::Rainbow" /* Rainbow */,
				"IronBank::IronBankKit" /* IronBankKit */,
				"Yams::Yams" /* Yams */,
				"Yams::CYaml" /* CYaml */,
				"CryptoSwift::CryptoSwift" /* CryptoSwift */,
				"HandOfTheKing::HandOfTheKing" /* HandOfTheKing */,
			);
		};
/* End PBXProject section */

/* Begin PBXSourcesBuildPhase section */
		OBJ_162 /* Sources */ = {
			isa = PBXSourcesBuildPhase;
			buildActionMask = 0;
			files = (
				OBJ_163 /* Package.swift in Sources */,
			);
			runOnlyForDeploymentPostprocessing = 0;
		};
		OBJ_168 /* Sources */ = {
			isa = PBXSourcesBuildPhase;
			buildActionMask = 0;
			files = (
				OBJ_169 /* Package.swift in Sources */,
			);
			runOnlyForDeploymentPostprocessing = 0;
		};
		OBJ_174 /* Sources */ = {
			isa = PBXSourcesBuildPhase;
			buildActionMask = 0;
			files = (
				OBJ_175 /* Package.swift in Sources */,
			);
			runOnlyForDeploymentPostprocessing = 0;
		};
		OBJ_180 /* Sources */ = {
			isa = PBXSourcesBuildPhase;
			buildActionMask = 0;
			files = (
				OBJ_181 /* Package.swift in Sources */,
			);
			runOnlyForDeploymentPostprocessing = 0;
		};
		OBJ_186 /* Sources */ = {
			isa = PBXSourcesBuildPhase;
			buildActionMask = 0;
			files = (
				OBJ_187 /* Package.swift in Sources */,
			);
			runOnlyForDeploymentPostprocessing = 0;
		};
		OBJ_192 /* Sources */ = {
			isa = PBXSourcesBuildPhase;
			buildActionMask = 0;
			files = (
				OBJ_193 /* Package.swift in Sources */,
			);
			runOnlyForDeploymentPostprocessing = 0;
		};
		OBJ_198 /* Sources */ = {
			isa = PBXSourcesBuildPhase;
			buildActionMask = 0;
			files = (
				OBJ_199 /* main.swift in Sources */,
			);
			runOnlyForDeploymentPostprocessing = 0;
		};
		OBJ_225 /* Sources */ = {
			isa = PBXSourcesBuildPhase;
			buildActionMask = 0;
			files = (
				OBJ_226 /* ArgumentConvertible.swift in Sources */,
				OBJ_227 /* ArgumentDescription.swift in Sources */,
				OBJ_228 /* ArgumentParser.swift in Sources */,
				OBJ_229 /* Command.swift in Sources */,
				OBJ_230 /* CommandRunner.swift in Sources */,
				OBJ_231 /* CommandType.swift in Sources */,
				OBJ_232 /* Commands.swift in Sources */,
				OBJ_233 /* Error.swift in Sources */,
				OBJ_234 /* Group.swift in Sources */,
			);
			runOnlyForDeploymentPostprocessing = 0;
		};
		OBJ_239 /* Sources */ = {
			isa = PBXSourcesBuildPhase;
			buildActionMask = 0;
			files = (
				OBJ_240 /* BackgroundColor.swift in Sources */,
				OBJ_241 /* CodesParser.swift in Sources */,
				OBJ_242 /* Color.swift in Sources */,
				OBJ_243 /* ControlCode.swift in Sources */,
				OBJ_244 /* ModesExtractor.swift in Sources */,
				OBJ_245 /* OutputTarget.swift in Sources */,
				OBJ_246 /* Rainbow.swift in Sources */,
				OBJ_247 /* String+Rainbow.swift in Sources */,
				OBJ_248 /* StringGenerator.swift in Sources */,
				OBJ_249 /* Style.swift in Sources */,
				OBJ_250 /* XcodeColorsSupport.swift in Sources */,
			);
			runOnlyForDeploymentPostprocessing = 0;
		};
		OBJ_255 /* Sources */ = {
			isa = PBXSourcesBuildPhase;
			buildActionMask = 0;
			files = (
				OBJ_256 /* ConfigFile.swift in Sources */,
				OBJ_257 /* DownloadHelper.swift in Sources */,
				OBJ_258 /* Namespace.swift in Sources */,
				OBJ_259 /* URL+Extensions.swift in Sources */,
				OBJ_260 /* GitHelper.swift in Sources */,
				OBJ_261 /* IronBankKit.swift in Sources */,
			);
			runOnlyForDeploymentPostprocessing = 0;
		};
		OBJ_274 /* Sources */ = {
			isa = PBXSourcesBuildPhase;
			buildActionMask = 0;
			files = (
				OBJ_275 /* Constructor.swift in Sources */,
				OBJ_276 /* Decoder.swift in Sources */,
				OBJ_277 /* Emitter.swift in Sources */,
				OBJ_278 /* Encoder.swift in Sources */,
				OBJ_279 /* Mark.swift in Sources */,
				OBJ_280 /* Node.Mapping.swift in Sources */,
				OBJ_281 /* Node.Scalar.swift in Sources */,
				OBJ_282 /* Node.Sequence.swift in Sources */,
				OBJ_283 /* Node.swift in Sources */,
				OBJ_284 /* Parser.swift in Sources */,
				OBJ_285 /* Representer.swift in Sources */,
				OBJ_286 /* Resolver.swift in Sources */,
				OBJ_287 /* String+Yams.swift in Sources */,
				OBJ_288 /* Tag.swift in Sources */,
				OBJ_289 /* YamlError.swift in Sources */,
			);
			runOnlyForDeploymentPostprocessing = 0;
		};
		OBJ_296 /* Sources */ = {
			isa = PBXSourcesBuildPhase;
			buildActionMask = 0;
			files = (
				OBJ_297 /* api.c in Sources */,
				OBJ_298 /* emitter.c in Sources */,
				OBJ_299 /* parser.c in Sources */,
				OBJ_300 /* reader.c in Sources */,
				OBJ_301 /* scanner.c in Sources */,
				OBJ_302 /* writer.c in Sources */,
			);
			runOnlyForDeploymentPostprocessing = 0;
		};
		OBJ_307 /* Sources */ = {
			isa = PBXSourcesBuildPhase;
			buildActionMask = 0;
			files = (
				OBJ_308 /* AES.Cryptors.swift in Sources */,
				OBJ_309 /* AES.swift in Sources */,
				OBJ_310 /* Array+Extension.swift in Sources */,
				OBJ_311 /* Array+Extensions.swift in Sources */,
				OBJ_312 /* Authenticator.swift in Sources */,
				OBJ_313 /* BatchedCollection.swift in Sources */,
				OBJ_314 /* Bit.swift in Sources */,
				OBJ_315 /* BlockCipher.swift in Sources */,
				OBJ_316 /* BlockMode.swift in Sources */,
				OBJ_317 /* BlockModeOptions.swift in Sources */,
				OBJ_318 /* BlockModeWorker.swift in Sources */,
				OBJ_319 /* CBC.swift in Sources */,
				OBJ_320 /* CFB.swift in Sources */,
				OBJ_321 /* CTR.swift in Sources */,
				OBJ_322 /* ECB.swift in Sources */,
				OBJ_323 /* OFB.swift in Sources */,
				OBJ_324 /* PCBC.swift in Sources */,
				OBJ_325 /* RandomAccessBlockModeWorker.swift in Sources */,
				OBJ_326 /* Blowfish.swift in Sources */,
				OBJ_327 /* ChaCha20.swift in Sources */,
				OBJ_328 /* Checksum.swift in Sources */,
				OBJ_329 /* Cipher.swift in Sources */,
				OBJ_330 /* Collection+Extension.swift in Sources */,
				OBJ_331 /* Cryptors.swift in Sources */,
				OBJ_332 /* Digest.swift in Sources */,
				OBJ_333 /* DigestType.swift in Sources */,
				OBJ_334 /* AES+Foundation.swift in Sources */,
				OBJ_335 /* Array+Foundation.swift in Sources */,
				OBJ_336 /* Blowfish+Foundation.swift in Sources */,
				OBJ_337 /* ChaCha20+Foundation.swift in Sources */,
				OBJ_338 /* Data+Extension.swift in Sources */,
				OBJ_339 /* HMAC+Foundation.swift in Sources */,
				OBJ_340 /* Rabbit+Foundation.swift in Sources */,
				OBJ_341 /* String+FoundationExtension.swift in Sources */,
				OBJ_342 /* Utils+Foundation.swift in Sources */,
				OBJ_343 /* Generics.swift in Sources */,
				OBJ_344 /* HMAC.swift in Sources */,
				OBJ_345 /* Int+Extension.swift in Sources */,
				OBJ_346 /* MD5.swift in Sources */,
				OBJ_347 /* NoPadding.swift in Sources */,
				OBJ_348 /* Operators.swift in Sources */,
				OBJ_349 /* PBKDF1.swift in Sources */,
				OBJ_350 /* PBKDF2.swift in Sources */,
				OBJ_351 /* PKCS5.swift in Sources */,
				OBJ_352 /* PKCS7.swift in Sources */,
				OBJ_353 /* PKCS7Padding.swift in Sources */,
				OBJ_354 /* Padding.swift in Sources */,
				OBJ_355 /* Poly1305.swift in Sources */,
				OBJ_356 /* Rabbit.swift in Sources */,
				OBJ_357 /* RandomAccessCryptor.swift in Sources */,
				OBJ_358 /* RandomBytesSequence.swift in Sources */,
				OBJ_359 /* SHA1.swift in Sources */,
				OBJ_360 /* SHA2.swift in Sources */,
				OBJ_361 /* SHA3.swift in Sources */,
				OBJ_362 /* SecureBytes.swift in Sources */,
				OBJ_363 /* String+Extension.swift in Sources */,
				OBJ_364 /* UInt16+Extension.swift in Sources */,
				OBJ_365 /* UInt32+Extension.swift in Sources */,
				OBJ_366 /* UInt64+Extension.swift in Sources */,
				OBJ_367 /* UInt8+Extension.swift in Sources */,
				OBJ_368 /* Updatable.swift in Sources */,
				OBJ_369 /* Utils.swift in Sources */,
				OBJ_370 /* ZeroPadding.swift in Sources */,
			);
			runOnlyForDeploymentPostprocessing = 0;
		};
		OBJ_375 /* Sources */ = {
			isa = PBXSourcesBuildPhase;
			buildActionMask = 0;
			files = (
				OBJ_376 /* Namespace.swift in Sources */,
				OBJ_377 /* StringExtension.swift in Sources */,
			);
			runOnlyForDeploymentPostprocessing = 0;
		};
/* End PBXSourcesBuildPhase section */

/* Begin PBXTargetDependency section */
		OBJ_208 /* PBXTargetDependency */ = {
			isa = PBXTargetDependency;
			target = "Commander::Commander" /* Commander */;
			targetProxy = C3960A131FDA79E700963CDE /* PBXContainerItemProxy */;
		};
		OBJ_210 /* PBXTargetDependency */ = {
			isa = PBXTargetDependency;
			target = "Rainbow::Rainbow" /* Rainbow */;
			targetProxy = C3960A141FDA79E700963CDE /* PBXContainerItemProxy */;
		};
		OBJ_212 /* PBXTargetDependency */ = {
			isa = PBXTargetDependency;
			target = "IronBank::IronBankKit" /* IronBankKit */;
			targetProxy = C3960A151FDA79E700963CDE /* PBXContainerItemProxy */;
		};
		OBJ_214 /* PBXTargetDependency */ = {
			isa = PBXTargetDependency;
			target = "Yams::Yams" /* Yams */;
			targetProxy = C3960A1B1FDA79E700963CDE /* PBXContainerItemProxy */;
		};
		OBJ_216 /* PBXTargetDependency */ = {
			isa = PBXTargetDependency;
			target = "Yams::CYaml" /* CYaml */;
			targetProxy = C3960A1C1FDA79E700963CDE /* PBXContainerItemProxy */;
		};
		OBJ_218 /* PBXTargetDependency */ = {
			isa = PBXTargetDependency;
			target = "CryptoSwift::CryptoSwift" /* CryptoSwift */;
			targetProxy = C3960A1D1FDA79E700963CDE /* PBXContainerItemProxy */;
		};
		OBJ_220 /* PBXTargetDependency */ = {
			isa = PBXTargetDependency;
			target = "HandOfTheKing::HandOfTheKing" /* HandOfTheKing */;
			targetProxy = C3960A1E1FDA79E700963CDE /* PBXContainerItemProxy */;
		};
		OBJ_267 /* PBXTargetDependency */ = {
			isa = PBXTargetDependency;
			target = "Yams::Yams" /* Yams */;
			targetProxy = C3960A161FDA79E700963CDE /* PBXContainerItemProxy */;
		};
		OBJ_268 /* PBXTargetDependency */ = {
			isa = PBXTargetDependency;
			target = "Yams::CYaml" /* CYaml */;
			targetProxy = C3960A181FDA79E700963CDE /* PBXContainerItemProxy */;
		};
		OBJ_269 /* PBXTargetDependency */ = {
			isa = PBXTargetDependency;
			target = "CryptoSwift::CryptoSwift" /* CryptoSwift */;
			targetProxy = C3960A191FDA79E700963CDE /* PBXContainerItemProxy */;
		};
		OBJ_270 /* PBXTargetDependency */ = {
			isa = PBXTargetDependency;
			target = "HandOfTheKing::HandOfTheKing" /* HandOfTheKing */;
			targetProxy = C3960A1A1FDA79E700963CDE /* PBXContainerItemProxy */;
		};
		OBJ_292 /* PBXTargetDependency */ = {
			isa = PBXTargetDependency;
			target = "Yams::CYaml" /* CYaml */;
			targetProxy = C3960A171FDA79E700963CDE /* PBXContainerItemProxy */;
		};
/* End PBXTargetDependency section */

/* Begin XCBuildConfiguration section */
		OBJ_160 /* Debug */ = {
			isa = XCBuildConfiguration;
			buildSettings = {
				LD = /usr/bin/true;
				OTHER_SWIFT_FLAGS = "-swift-version 4 -I /Applications/Xcode.app/Contents/Developer/Toolchains/XcodeDefault.xctoolchain/usr/lib/swift/pm/4 -target x86_64-apple-macosx10.10 -sdk /Applications/Xcode.app/Contents/Developer/Platforms/MacOSX.platform/Developer/SDKs/MacOSX10.13.sdk";
				SWIFT_VERSION = 4.0;
			};
			name = Debug;
		};
		OBJ_161 /* Release */ = {
			isa = XCBuildConfiguration;
			buildSettings = {
				LD = /usr/bin/true;
				OTHER_SWIFT_FLAGS = "-swift-version 4 -I /Applications/Xcode.app/Contents/Developer/Toolchains/XcodeDefault.xctoolchain/usr/lib/swift/pm/4 -target x86_64-apple-macosx10.10 -sdk /Applications/Xcode.app/Contents/Developer/Platforms/MacOSX.platform/Developer/SDKs/MacOSX10.13.sdk";
				SWIFT_VERSION = 4.0;
			};
			name = Release;
		};
		OBJ_166 /* Debug */ = {
			isa = XCBuildConfiguration;
			buildSettings = {
				LD = /usr/bin/true;
				OTHER_SWIFT_FLAGS = "-swift-version 4 -I /Applications/Xcode.app/Contents/Developer/Toolchains/XcodeDefault.xctoolchain/usr/lib/swift/pm/4 -target x86_64-apple-macosx10.10 -sdk /Applications/Xcode.app/Contents/Developer/Platforms/MacOSX.platform/Developer/SDKs/MacOSX10.13.sdk";
				SWIFT_VERSION = 4.0;
			};
			name = Debug;
		};
		OBJ_167 /* Release */ = {
			isa = XCBuildConfiguration;
			buildSettings = {
				LD = /usr/bin/true;
				OTHER_SWIFT_FLAGS = "-swift-version 4 -I /Applications/Xcode.app/Contents/Developer/Toolchains/XcodeDefault.xctoolchain/usr/lib/swift/pm/4 -target x86_64-apple-macosx10.10 -sdk /Applications/Xcode.app/Contents/Developer/Platforms/MacOSX.platform/Developer/SDKs/MacOSX10.13.sdk";
				SWIFT_VERSION = 4.0;
			};
			name = Release;
		};
		OBJ_172 /* Debug */ = {
			isa = XCBuildConfiguration;
			buildSettings = {
				LD = /usr/bin/true;
				OTHER_SWIFT_FLAGS = "-swift-version 4 -I /Applications/Xcode.app/Contents/Developer/Toolchains/XcodeDefault.xctoolchain/usr/lib/swift/pm/4 -target x86_64-apple-macosx10.10 -sdk /Applications/Xcode.app/Contents/Developer/Platforms/MacOSX.platform/Developer/SDKs/MacOSX10.13.sdk";
				SWIFT_VERSION = 4.0;
			};
			name = Debug;
		};
		OBJ_173 /* Release */ = {
			isa = XCBuildConfiguration;
			buildSettings = {
				LD = /usr/bin/true;
				OTHER_SWIFT_FLAGS = "-swift-version 4 -I /Applications/Xcode.app/Contents/Developer/Toolchains/XcodeDefault.xctoolchain/usr/lib/swift/pm/4 -target x86_64-apple-macosx10.10 -sdk /Applications/Xcode.app/Contents/Developer/Platforms/MacOSX.platform/Developer/SDKs/MacOSX10.13.sdk";
				SWIFT_VERSION = 4.0;
			};
			name = Release;
		};
		OBJ_178 /* Debug */ = {
			isa = XCBuildConfiguration;
			buildSettings = {
				LD = /usr/bin/true;
				OTHER_SWIFT_FLAGS = "-swift-version 4 -I /Applications/Xcode.app/Contents/Developer/Toolchains/XcodeDefault.xctoolchain/usr/lib/swift/pm/4 -target x86_64-apple-macosx10.10 -sdk /Applications/Xcode.app/Contents/Developer/Platforms/MacOSX.platform/Developer/SDKs/MacOSX10.13.sdk";
				SWIFT_VERSION = 4.0;
			};
			name = Debug;
		};
		OBJ_179 /* Release */ = {
			isa = XCBuildConfiguration;
			buildSettings = {
				LD = /usr/bin/true;
				OTHER_SWIFT_FLAGS = "-swift-version 4 -I /Applications/Xcode.app/Contents/Developer/Toolchains/XcodeDefault.xctoolchain/usr/lib/swift/pm/4 -target x86_64-apple-macosx10.10 -sdk /Applications/Xcode.app/Contents/Developer/Platforms/MacOSX.platform/Developer/SDKs/MacOSX10.13.sdk";
				SWIFT_VERSION = 4.0;
			};
			name = Release;
		};
		OBJ_184 /* Debug */ = {
			isa = XCBuildConfiguration;
			buildSettings = {
				LD = /usr/bin/true;
				OTHER_SWIFT_FLAGS = "-swift-version 4 -I /Applications/Xcode.app/Contents/Developer/Toolchains/XcodeDefault.xctoolchain/usr/lib/swift/pm/4 -target x86_64-apple-macosx10.10 -sdk /Applications/Xcode.app/Contents/Developer/Platforms/MacOSX.platform/Developer/SDKs/MacOSX10.13.sdk";
				SWIFT_VERSION = 4.0;
			};
			name = Debug;
		};
		OBJ_185 /* Release */ = {
			isa = XCBuildConfiguration;
			buildSettings = {
				LD = /usr/bin/true;
				OTHER_SWIFT_FLAGS = "-swift-version 4 -I /Applications/Xcode.app/Contents/Developer/Toolchains/XcodeDefault.xctoolchain/usr/lib/swift/pm/4 -target x86_64-apple-macosx10.10 -sdk /Applications/Xcode.app/Contents/Developer/Platforms/MacOSX.platform/Developer/SDKs/MacOSX10.13.sdk";
				SWIFT_VERSION = 4.0;
			};
			name = Release;
		};
		OBJ_190 /* Debug */ = {
			isa = XCBuildConfiguration;
			buildSettings = {
				LD = /usr/bin/true;
				OTHER_SWIFT_FLAGS = "-swift-version 4 -I /Applications/Xcode.app/Contents/Developer/Toolchains/XcodeDefault.xctoolchain/usr/lib/swift/pm/4 -target x86_64-apple-macosx10.10 -sdk /Applications/Xcode.app/Contents/Developer/Platforms/MacOSX.platform/Developer/SDKs/MacOSX10.13.sdk";
				SWIFT_VERSION = 4.0;
			};
			name = Debug;
		};
		OBJ_191 /* Release */ = {
			isa = XCBuildConfiguration;
			buildSettings = {
				LD = /usr/bin/true;
				OTHER_SWIFT_FLAGS = "-swift-version 4 -I /Applications/Xcode.app/Contents/Developer/Toolchains/XcodeDefault.xctoolchain/usr/lib/swift/pm/4 -target x86_64-apple-macosx10.10 -sdk /Applications/Xcode.app/Contents/Developer/Platforms/MacOSX.platform/Developer/SDKs/MacOSX10.13.sdk";
				SWIFT_VERSION = 4.0;
			};
			name = Release;
		};
		OBJ_196 /* Debug */ = {
			isa = XCBuildConfiguration;
			buildSettings = {
				FRAMEWORK_SEARCH_PATHS = (
					"$(inherited)",
					"$(PLATFORM_DIR)/Developer/Library/Frameworks",
				);
				HEADER_SEARCH_PATHS = (
					"$(inherited)",
					"$(SRCROOT)/.build/checkouts/Yams.git-8068124914099325722/Sources/CYaml/include",
					"$(SRCROOT)/IronBank.xcodeproj/GeneratedModuleMap/CYaml",
				);
				INFOPLIST_FILE = IronBank.xcodeproj/IronBank_Info.plist;
				LD_RUNPATH_SEARCH_PATHS = "$(TOOLCHAIN_DIR)/usr/lib/swift/macosx @executable_path";
				OTHER_LDFLAGS = "$(inherited)";
				OTHER_SWIFT_FLAGS = "$(inherited) -Xcc -fmodule-map-file=$(SRCROOT)/IronBank.xcodeproj/GeneratedModuleMap/CYaml/module.modulemap";
				SWIFT_FORCE_DYNAMIC_LINK_STDLIB = YES;
				SWIFT_FORCE_STATIC_LINK_STDLIB = NO;
				SWIFT_VERSION = 4.0;
				TARGET_NAME = IronBank;
			};
			name = Debug;
		};
		OBJ_197 /* Release */ = {
			isa = XCBuildConfiguration;
			buildSettings = {
				FRAMEWORK_SEARCH_PATHS = (
					"$(inherited)",
					"$(PLATFORM_DIR)/Developer/Library/Frameworks",
				);
				HEADER_SEARCH_PATHS = (
					"$(inherited)",
					"$(SRCROOT)/.build/checkouts/Yams.git-8068124914099325722/Sources/CYaml/include",
					"$(SRCROOT)/IronBank.xcodeproj/GeneratedModuleMap/CYaml",
				);
				INFOPLIST_FILE = IronBank.xcodeproj/IronBank_Info.plist;
				LD_RUNPATH_SEARCH_PATHS = "$(TOOLCHAIN_DIR)/usr/lib/swift/macosx @executable_path";
				OTHER_LDFLAGS = "$(inherited)";
				OTHER_SWIFT_FLAGS = "$(inherited) -Xcc -fmodule-map-file=$(SRCROOT)/IronBank.xcodeproj/GeneratedModuleMap/CYaml/module.modulemap";
				SWIFT_FORCE_DYNAMIC_LINK_STDLIB = YES;
				SWIFT_FORCE_STATIC_LINK_STDLIB = NO;
				SWIFT_VERSION = 4.0;
				TARGET_NAME = IronBank;
			};
			name = Release;
		};
		OBJ_223 /* Debug */ = {
			isa = XCBuildConfiguration;
			buildSettings = {
				ENABLE_TESTABILITY = YES;
				FRAMEWORK_SEARCH_PATHS = (
					"$(inherited)",
					"$(PLATFORM_DIR)/Developer/Library/Frameworks",
				);
				HEADER_SEARCH_PATHS = "$(inherited)";
				INFOPLIST_FILE = IronBank.xcodeproj/Commander_Info.plist;
				LD_RUNPATH_SEARCH_PATHS = "$(TOOLCHAIN_DIR)/usr/lib/swift/macosx";
				OTHER_LDFLAGS = "$(inherited)";
				OTHER_SWIFT_FLAGS = "$(inherited)";
				PRODUCT_BUNDLE_IDENTIFIER = Commander;
				PRODUCT_MODULE_NAME = "$(TARGET_NAME:c99extidentifier)";
				PRODUCT_NAME = "$(TARGET_NAME:c99extidentifier)";
				SKIP_INSTALL = YES;
				SWIFT_VERSION = 4.0;
				TARGET_NAME = Commander;
			};
			name = Debug;
		};
		OBJ_224 /* Release */ = {
			isa = XCBuildConfiguration;
			buildSettings = {
				ENABLE_TESTABILITY = YES;
				FRAMEWORK_SEARCH_PATHS = (
					"$(inherited)",
					"$(PLATFORM_DIR)/Developer/Library/Frameworks",
				);
				HEADER_SEARCH_PATHS = "$(inherited)";
				INFOPLIST_FILE = IronBank.xcodeproj/Commander_Info.plist;
				LD_RUNPATH_SEARCH_PATHS = "$(TOOLCHAIN_DIR)/usr/lib/swift/macosx";
				OTHER_LDFLAGS = "$(inherited)";
				OTHER_SWIFT_FLAGS = "$(inherited)";
				PRODUCT_BUNDLE_IDENTIFIER = Commander;
				PRODUCT_MODULE_NAME = "$(TARGET_NAME:c99extidentifier)";
				PRODUCT_NAME = "$(TARGET_NAME:c99extidentifier)";
				SKIP_INSTALL = YES;
				SWIFT_VERSION = 4.0;
				TARGET_NAME = Commander;
			};
			name = Release;
		};
		OBJ_237 /* Debug */ = {
			isa = XCBuildConfiguration;
			buildSettings = {
				ENABLE_TESTABILITY = YES;
				FRAMEWORK_SEARCH_PATHS = (
					"$(inherited)",
					"$(PLATFORM_DIR)/Developer/Library/Frameworks",
				);
				HEADER_SEARCH_PATHS = "$(inherited)";
				INFOPLIST_FILE = IronBank.xcodeproj/Rainbow_Info.plist;
				LD_RUNPATH_SEARCH_PATHS = "$(TOOLCHAIN_DIR)/usr/lib/swift/macosx";
				OTHER_LDFLAGS = "$(inherited)";
				OTHER_SWIFT_FLAGS = "$(inherited)";
				PRODUCT_BUNDLE_IDENTIFIER = Rainbow;
				PRODUCT_MODULE_NAME = "$(TARGET_NAME:c99extidentifier)";
				PRODUCT_NAME = "$(TARGET_NAME:c99extidentifier)";
				SKIP_INSTALL = YES;
				SWIFT_VERSION = 4.0;
				TARGET_NAME = Rainbow;
			};
			name = Debug;
		};
		OBJ_238 /* Release */ = {
			isa = XCBuildConfiguration;
			buildSettings = {
				ENABLE_TESTABILITY = YES;
				FRAMEWORK_SEARCH_PATHS = (
					"$(inherited)",
					"$(PLATFORM_DIR)/Developer/Library/Frameworks",
				);
				HEADER_SEARCH_PATHS = "$(inherited)";
				INFOPLIST_FILE = IronBank.xcodeproj/Rainbow_Info.plist;
				LD_RUNPATH_SEARCH_PATHS = "$(TOOLCHAIN_DIR)/usr/lib/swift/macosx";
				OTHER_LDFLAGS = "$(inherited)";
				OTHER_SWIFT_FLAGS = "$(inherited)";
				PRODUCT_BUNDLE_IDENTIFIER = Rainbow;
				PRODUCT_MODULE_NAME = "$(TARGET_NAME:c99extidentifier)";
				PRODUCT_NAME = "$(TARGET_NAME:c99extidentifier)";
				SKIP_INSTALL = YES;
				SWIFT_VERSION = 4.0;
				TARGET_NAME = Rainbow;
			};
			name = Release;
		};
		OBJ_253 /* Debug */ = {
			isa = XCBuildConfiguration;
			buildSettings = {
				ENABLE_TESTABILITY = YES;
				FRAMEWORK_SEARCH_PATHS = (
					"$(inherited)",
					"$(PLATFORM_DIR)/Developer/Library/Frameworks",
				);
				HEADER_SEARCH_PATHS = (
					"$(inherited)",
					"$(SRCROOT)/.build/checkouts/Yams.git-8068124914099325722/Sources/CYaml/include",
					"$(SRCROOT)/IronBank.xcodeproj/GeneratedModuleMap/CYaml",
				);
				INFOPLIST_FILE = IronBank.xcodeproj/IronBankKit_Info.plist;
				LD_RUNPATH_SEARCH_PATHS = "$(TOOLCHAIN_DIR)/usr/lib/swift/macosx";
				OTHER_LDFLAGS = "$(inherited)";
				OTHER_SWIFT_FLAGS = "$(inherited) -Xcc -fmodule-map-file=$(SRCROOT)/IronBank.xcodeproj/GeneratedModuleMap/CYaml/module.modulemap -D DEBUG";
				PRODUCT_BUNDLE_IDENTIFIER = IronBankKit;
				PRODUCT_MODULE_NAME = "$(TARGET_NAME:c99extidentifier)";
				PRODUCT_NAME = "$(TARGET_NAME:c99extidentifier)";
				SKIP_INSTALL = YES;
				SWIFT_VERSION = 4.0;
				TARGET_NAME = IronBankKit;
			};
			name = Debug;
		};
		OBJ_254 /* Release */ = {
			isa = XCBuildConfiguration;
			buildSettings = {
				ENABLE_TESTABILITY = YES;
				FRAMEWORK_SEARCH_PATHS = (
					"$(inherited)",
					"$(PLATFORM_DIR)/Developer/Library/Frameworks",
				);
				HEADER_SEARCH_PATHS = (
					"$(inherited)",
					"$(SRCROOT)/.build/checkouts/Yams.git-8068124914099325722/Sources/CYaml/include",
					"$(SRCROOT)/IronBank.xcodeproj/GeneratedModuleMap/CYaml",
				);
				INFOPLIST_FILE = IronBank.xcodeproj/IronBankKit_Info.plist;
				LD_RUNPATH_SEARCH_PATHS = "$(TOOLCHAIN_DIR)/usr/lib/swift/macosx";
				OTHER_LDFLAGS = "$(inherited)";
				OTHER_SWIFT_FLAGS = "$(inherited) -Xcc -fmodule-map-file=$(SRCROOT)/IronBank.xcodeproj/GeneratedModuleMap/CYaml/module.modulemap";
				PRODUCT_BUNDLE_IDENTIFIER = IronBankKit;
				PRODUCT_MODULE_NAME = "$(TARGET_NAME:c99extidentifier)";
				PRODUCT_NAME = "$(TARGET_NAME:c99extidentifier)";
				SKIP_INSTALL = YES;
				SWIFT_VERSION = 4.0;
				TARGET_NAME = IronBankKit;
			};
			name = Release;
		};
		OBJ_272 /* Debug */ = {
			isa = XCBuildConfiguration;
			buildSettings = {
				ENABLE_TESTABILITY = YES;
				FRAMEWORK_SEARCH_PATHS = (
					"$(inherited)",
					"$(PLATFORM_DIR)/Developer/Library/Frameworks",
				);
				HEADER_SEARCH_PATHS = (
					"$(inherited)",
					"$(SRCROOT)/.build/checkouts/Yams.git-8068124914099325722/Sources/CYaml/include",
					"$(SRCROOT)/IronBank.xcodeproj/GeneratedModuleMap/CYaml",
				);
				INFOPLIST_FILE = IronBank.xcodeproj/Yams_Info.plist;
				LD_RUNPATH_SEARCH_PATHS = "$(TOOLCHAIN_DIR)/usr/lib/swift/macosx";
				OTHER_LDFLAGS = "$(inherited)";
				OTHER_SWIFT_FLAGS = "$(inherited) -Xcc -fmodule-map-file=$(SRCROOT)/IronBank.xcodeproj/GeneratedModuleMap/CYaml/module.modulemap";
				PRODUCT_BUNDLE_IDENTIFIER = Yams;
				PRODUCT_MODULE_NAME = "$(TARGET_NAME:c99extidentifier)";
				PRODUCT_NAME = "$(TARGET_NAME:c99extidentifier)";
				SKIP_INSTALL = YES;
				SWIFT_VERSION = 4.0;
				TARGET_NAME = Yams;
			};
			name = Debug;
		};
		OBJ_273 /* Release */ = {
			isa = XCBuildConfiguration;
			buildSettings = {
				ENABLE_TESTABILITY = YES;
				FRAMEWORK_SEARCH_PATHS = (
					"$(inherited)",
					"$(PLATFORM_DIR)/Developer/Library/Frameworks",
				);
				HEADER_SEARCH_PATHS = (
					"$(inherited)",
					"$(SRCROOT)/.build/checkouts/Yams.git-8068124914099325722/Sources/CYaml/include",
					"$(SRCROOT)/IronBank.xcodeproj/GeneratedModuleMap/CYaml",
				);
				INFOPLIST_FILE = IronBank.xcodeproj/Yams_Info.plist;
				LD_RUNPATH_SEARCH_PATHS = "$(TOOLCHAIN_DIR)/usr/lib/swift/macosx";
				OTHER_LDFLAGS = "$(inherited)";
				OTHER_SWIFT_FLAGS = "$(inherited) -Xcc -fmodule-map-file=$(SRCROOT)/IronBank.xcodeproj/GeneratedModuleMap/CYaml/module.modulemap";
				PRODUCT_BUNDLE_IDENTIFIER = Yams;
				PRODUCT_MODULE_NAME = "$(TARGET_NAME:c99extidentifier)";
				PRODUCT_NAME = "$(TARGET_NAME:c99extidentifier)";
				SKIP_INSTALL = YES;
				SWIFT_VERSION = 4.0;
				TARGET_NAME = Yams;
			};
			name = Release;
		};
		OBJ_294 /* Debug */ = {
			isa = XCBuildConfiguration;
			buildSettings = {
				DEFINES_MODULE = NO;
				ENABLE_TESTABILITY = YES;
				FRAMEWORK_SEARCH_PATHS = (
					"$(inherited)",
					"$(PLATFORM_DIR)/Developer/Library/Frameworks",
				);
				HEADER_SEARCH_PATHS = (
					"$(inherited)",
					"$(SRCROOT)/.build/checkouts/Yams.git-8068124914099325722/Sources/CYaml/include",
				);
				INFOPLIST_FILE = IronBank.xcodeproj/CYaml_Info.plist;
				LD_RUNPATH_SEARCH_PATHS = "$(TOOLCHAIN_DIR)/usr/lib/swift/macosx";
				OTHER_LDFLAGS = "$(inherited)";
				OTHER_SWIFT_FLAGS = "$(inherited)";
				PRODUCT_BUNDLE_IDENTIFIER = CYaml;
				PRODUCT_MODULE_NAME = "$(TARGET_NAME:c99extidentifier)";
				PRODUCT_NAME = "$(TARGET_NAME:c99extidentifier)";
				SKIP_INSTALL = YES;
				TARGET_NAME = CYaml;
			};
			name = Debug;
		};
		OBJ_295 /* Release */ = {
			isa = XCBuildConfiguration;
			buildSettings = {
				DEFINES_MODULE = NO;
				ENABLE_TESTABILITY = YES;
				FRAMEWORK_SEARCH_PATHS = (
					"$(inherited)",
					"$(PLATFORM_DIR)/Developer/Library/Frameworks",
				);
				HEADER_SEARCH_PATHS = (
					"$(inherited)",
					"$(SRCROOT)/.build/checkouts/Yams.git-8068124914099325722/Sources/CYaml/include",
				);
				INFOPLIST_FILE = IronBank.xcodeproj/CYaml_Info.plist;
				LD_RUNPATH_SEARCH_PATHS = "$(TOOLCHAIN_DIR)/usr/lib/swift/macosx";
				OTHER_LDFLAGS = "$(inherited)";
				OTHER_SWIFT_FLAGS = "$(inherited)";
				PRODUCT_BUNDLE_IDENTIFIER = CYaml;
				PRODUCT_MODULE_NAME = "$(TARGET_NAME:c99extidentifier)";
				PRODUCT_NAME = "$(TARGET_NAME:c99extidentifier)";
				SKIP_INSTALL = YES;
				TARGET_NAME = CYaml;
			};
			name = Release;
		};
		OBJ_3 /* Debug */ = {
			isa = XCBuildConfiguration;
			buildSettings = {
				CLANG_ENABLE_OBJC_ARC = YES;
				COMBINE_HIDPI_IMAGES = YES;
				COPY_PHASE_STRIP = NO;
				DEBUG_INFORMATION_FORMAT = dwarf;
				DYLIB_INSTALL_NAME_BASE = "@rpath";
				ENABLE_NS_ASSERTIONS = YES;
				GCC_OPTIMIZATION_LEVEL = 0;
				MACOSX_DEPLOYMENT_TARGET = 10.10;
				ONLY_ACTIVE_ARCH = YES;
				OTHER_SWIFT_FLAGS = "-DXcode";
				PRODUCT_NAME = "$(TARGET_NAME)";
				SDKROOT = macosx;
				SUPPORTED_PLATFORMS = "macosx iphoneos iphonesimulator appletvos appletvsimulator watchos watchsimulator";
				SWIFT_ACTIVE_COMPILATION_CONDITIONS = SWIFT_PACKAGE;
				SWIFT_OPTIMIZATION_LEVEL = "-Onone";
				USE_HEADERMAP = NO;
			};
			name = Debug;
		};
		OBJ_305 /* Debug */ = {
			isa = XCBuildConfiguration;
			buildSettings = {
				ENABLE_TESTABILITY = YES;
				FRAMEWORK_SEARCH_PATHS = (
					"$(inherited)",
					"$(PLATFORM_DIR)/Developer/Library/Frameworks",
				);
				HEADER_SEARCH_PATHS = "$(inherited)";
				INFOPLIST_FILE = IronBank.xcodeproj/CryptoSwift_Info.plist;
				LD_RUNPATH_SEARCH_PATHS = "$(TOOLCHAIN_DIR)/usr/lib/swift/macosx";
				OTHER_LDFLAGS = "$(inherited)";
				OTHER_SWIFT_FLAGS = "$(inherited)";
				PRODUCT_BUNDLE_IDENTIFIER = CryptoSwift;
				PRODUCT_MODULE_NAME = "$(TARGET_NAME:c99extidentifier)";
				PRODUCT_NAME = "$(TARGET_NAME:c99extidentifier)";
				SKIP_INSTALL = YES;
				SWIFT_VERSION = 4.0;
				TARGET_NAME = CryptoSwift;
			};
			name = Debug;
		};
		OBJ_306 /* Release */ = {
			isa = XCBuildConfiguration;
			buildSettings = {
				ENABLE_TESTABILITY = YES;
				FRAMEWORK_SEARCH_PATHS = (
					"$(inherited)",
					"$(PLATFORM_DIR)/Developer/Library/Frameworks",
				);
				HEADER_SEARCH_PATHS = "$(inherited)";
				INFOPLIST_FILE = IronBank.xcodeproj/CryptoSwift_Info.plist;
				LD_RUNPATH_SEARCH_PATHS = "$(TOOLCHAIN_DIR)/usr/lib/swift/macosx";
				OTHER_LDFLAGS = "$(inherited)";
				OTHER_SWIFT_FLAGS = "$(inherited)";
				PRODUCT_BUNDLE_IDENTIFIER = CryptoSwift;
				PRODUCT_MODULE_NAME = "$(TARGET_NAME:c99extidentifier)";
				PRODUCT_NAME = "$(TARGET_NAME:c99extidentifier)";
				SKIP_INSTALL = YES;
				SWIFT_VERSION = 4.0;
				TARGET_NAME = CryptoSwift;
			};
			name = Release;
		};
		OBJ_373 /* Debug */ = {
			isa = XCBuildConfiguration;
			buildSettings = {
				ENABLE_TESTABILITY = YES;
				FRAMEWORK_SEARCH_PATHS = (
					"$(inherited)",
					"$(PLATFORM_DIR)/Developer/Library/Frameworks",
				);
				HEADER_SEARCH_PATHS = "$(inherited)";
				INFOPLIST_FILE = IronBank.xcodeproj/HandOfTheKing_Info.plist;
				LD_RUNPATH_SEARCH_PATHS = "$(TOOLCHAIN_DIR)/usr/lib/swift/macosx";
				OTHER_LDFLAGS = "$(inherited)";
				OTHER_SWIFT_FLAGS = "$(inherited)";
				PRODUCT_BUNDLE_IDENTIFIER = HandOfTheKing;
				PRODUCT_MODULE_NAME = "$(TARGET_NAME:c99extidentifier)";
				PRODUCT_NAME = "$(TARGET_NAME:c99extidentifier)";
				SKIP_INSTALL = YES;
				SWIFT_VERSION = 4.0;
				TARGET_NAME = HandOfTheKing;
			};
			name = Debug;
		};
		OBJ_374 /* Release */ = {
			isa = XCBuildConfiguration;
			buildSettings = {
				ENABLE_TESTABILITY = YES;
				FRAMEWORK_SEARCH_PATHS = (
					"$(inherited)",
					"$(PLATFORM_DIR)/Developer/Library/Frameworks",
				);
				HEADER_SEARCH_PATHS = "$(inherited)";
				INFOPLIST_FILE = IronBank.xcodeproj/HandOfTheKing_Info.plist;
				LD_RUNPATH_SEARCH_PATHS = "$(TOOLCHAIN_DIR)/usr/lib/swift/macosx";
				OTHER_LDFLAGS = "$(inherited)";
				OTHER_SWIFT_FLAGS = "$(inherited)";
				PRODUCT_BUNDLE_IDENTIFIER = HandOfTheKing;
				PRODUCT_MODULE_NAME = "$(TARGET_NAME:c99extidentifier)";
				PRODUCT_NAME = "$(TARGET_NAME:c99extidentifier)";
				SKIP_INSTALL = YES;
				SWIFT_VERSION = 4.0;
				TARGET_NAME = HandOfTheKing;
			};
			name = Release;
		};
		OBJ_4 /* Release */ = {
			isa = XCBuildConfiguration;
			buildSettings = {
				CLANG_ENABLE_OBJC_ARC = YES;
				COMBINE_HIDPI_IMAGES = YES;
				COPY_PHASE_STRIP = YES;
				DEBUG_INFORMATION_FORMAT = "dwarf-with-dsym";
				DYLIB_INSTALL_NAME_BASE = "@rpath";
				GCC_OPTIMIZATION_LEVEL = s;
				MACOSX_DEPLOYMENT_TARGET = 10.10;
				OTHER_SWIFT_FLAGS = "-DXcode";
				PRODUCT_NAME = "$(TARGET_NAME)";
				SDKROOT = macosx;
				SUPPORTED_PLATFORMS = "macosx iphoneos iphonesimulator appletvos appletvsimulator watchos watchsimulator";
				SWIFT_ACTIVE_COMPILATION_CONDITIONS = SWIFT_PACKAGE;
				SWIFT_OPTIMIZATION_LEVEL = "-Owholemodule";
				USE_HEADERMAP = NO;
			};
			name = Release;
		};
/* End XCBuildConfiguration section */

/* Begin XCConfigurationList section */
		OBJ_159 /* Build configuration list for PBXNativeTarget "IronBankPackageDescription" */ = {
			isa = XCConfigurationList;
			buildConfigurations = (
				OBJ_160 /* Debug */,
				OBJ_161 /* Release */,
			);
			defaultConfigurationIsVisible = 0;
			defaultConfigurationName = Debug;
		};
		OBJ_165 /* Build configuration list for PBXNativeTarget "YamsPackageDescription" */ = {
			isa = XCConfigurationList;
			buildConfigurations = (
				OBJ_166 /* Debug */,
				OBJ_167 /* Release */,
			);
			defaultConfigurationIsVisible = 0;
			defaultConfigurationName = Debug;
		};
		OBJ_171 /* Build configuration list for PBXNativeTarget "CommanderPackageDescription" */ = {
			isa = XCConfigurationList;
			buildConfigurations = (
				OBJ_172 /* Debug */,
				OBJ_173 /* Release */,
			);
			defaultConfigurationIsVisible = 0;
			defaultConfigurationName = Debug;
		};
		OBJ_177 /* Build configuration list for PBXNativeTarget "CryptoSwiftPackageDescription" */ = {
			isa = XCConfigurationList;
			buildConfigurations = (
				OBJ_178 /* Debug */,
				OBJ_179 /* Release */,
			);
			defaultConfigurationIsVisible = 0;
			defaultConfigurationName = Debug;
		};
		OBJ_183 /* Build configuration list for PBXNativeTarget "HandOfTheKingPackageDescription" */ = {
			isa = XCConfigurationList;
			buildConfigurations = (
				OBJ_184 /* Debug */,
				OBJ_185 /* Release */,
			);
			defaultConfigurationIsVisible = 0;
			defaultConfigurationName = Debug;
		};
		OBJ_189 /* Build configuration list for PBXNativeTarget "RainbowPackageDescription" */ = {
			isa = XCConfigurationList;
			buildConfigurations = (
				OBJ_190 /* Debug */,
				OBJ_191 /* Release */,
			);
			defaultConfigurationIsVisible = 0;
			defaultConfigurationName = Debug;
		};
		OBJ_195 /* Build configuration list for PBXNativeTarget "IronBank" */ = {
			isa = XCConfigurationList;
			buildConfigurations = (
				OBJ_196 /* Debug */,
				OBJ_197 /* Release */,
			);
			defaultConfigurationIsVisible = 0;
			defaultConfigurationName = Debug;
		};
		OBJ_2 /* Build configuration list for PBXProject "IronBank" */ = {
			isa = XCConfigurationList;
			buildConfigurations = (
				OBJ_3 /* Debug */,
				OBJ_4 /* Release */,
			);
			defaultConfigurationIsVisible = 0;
			defaultConfigurationName = Debug;
		};
		OBJ_222 /* Build configuration list for PBXNativeTarget "Commander" */ = {
			isa = XCConfigurationList;
			buildConfigurations = (
				OBJ_223 /* Debug */,
				OBJ_224 /* Release */,
			);
			defaultConfigurationIsVisible = 0;
			defaultConfigurationName = Debug;
		};
		OBJ_236 /* Build configuration list for PBXNativeTarget "Rainbow" */ = {
			isa = XCConfigurationList;
			buildConfigurations = (
				OBJ_237 /* Debug */,
				OBJ_238 /* Release */,
			);
			defaultConfigurationIsVisible = 0;
			defaultConfigurationName = Debug;
		};
		OBJ_252 /* Build configuration list for PBXNativeTarget "IronBankKit" */ = {
			isa = XCConfigurationList;
			buildConfigurations = (
				OBJ_253 /* Debug */,
				OBJ_254 /* Release */,
			);
			defaultConfigurationIsVisible = 0;
			defaultConfigurationName = Debug;
		};
		OBJ_271 /* Build configuration list for PBXNativeTarget "Yams" */ = {
			isa = XCConfigurationList;
			buildConfigurations = (
				OBJ_272 /* Debug */,
				OBJ_273 /* Release */,
			);
			defaultConfigurationIsVisible = 0;
			defaultConfigurationName = Debug;
		};
		OBJ_293 /* Build configuration list for PBXNativeTarget "CYaml" */ = {
			isa = XCConfigurationList;
			buildConfigurations = (
				OBJ_294 /* Debug */,
				OBJ_295 /* Release */,
			);
			defaultConfigurationIsVisible = 0;
			defaultConfigurationName = Debug;
		};
		OBJ_304 /* Build configuration list for PBXNativeTarget "CryptoSwift" */ = {
			isa = XCConfigurationList;
			buildConfigurations = (
				OBJ_305 /* Debug */,
				OBJ_306 /* Release */,
			);
			defaultConfigurationIsVisible = 0;
			defaultConfigurationName = Debug;
		};
		OBJ_372 /* Build configuration list for PBXNativeTarget "HandOfTheKing" */ = {
			isa = XCConfigurationList;
			buildConfigurations = (
				OBJ_373 /* Debug */,
				OBJ_374 /* Release */,
			);
			defaultConfigurationIsVisible = 0;
			defaultConfigurationName = Debug;
		};
/* End XCConfigurationList section */
	};
	rootObject = OBJ_1 /* Project object */;
}
